// !$*UTF8*$!
{
	archiveVersion = 1;
	classes = {
	};
	objectVersion = 46;
	objects = {

/* Begin PBXBuildFile section */
		58648FCE1EA4DDB2006D47B6 /* AppDelegate.swift in Sources */ = {isa = PBXBuildFile; fileRef = 58648FCD1EA4DDB2006D47B6 /* AppDelegate.swift */; };
		58648FD01EA4DDB2006D47B6 /* ViewController.swift in Sources */ = {isa = PBXBuildFile; fileRef = 58648FCF1EA4DDB2006D47B6 /* ViewController.swift */; };
		58648FD31EA4DDB2006D47B6 /* Main.storyboard in Resources */ = {isa = PBXBuildFile; fileRef = 58648FD11EA4DDB2006D47B6 /* Main.storyboard */; };
		58648FD51EA4DDB2006D47B6 /* Assets.xcassets in Resources */ = {isa = PBXBuildFile; fileRef = 58648FD41EA4DDB2006D47B6 /* Assets.xcassets */; };
		58648FD81EA4DDB2006D47B6 /* LaunchScreen.storyboard in Resources */ = {isa = PBXBuildFile; fileRef = 58648FD61EA4DDB2006D47B6 /* LaunchScreen.storyboard */; };
		58648FE51EA4DE85006D47B6 /* Book.m in Sources */ = {isa = PBXBuildFile; fileRef = 58648FE41EA4DE85006D47B6 /* Book.m */; };
		58648FE81EA4DF93006D47B6 /* BookWithAnnotations.m in Sources */ = {isa = PBXBuildFile; fileRef = 58648FE71EA4DF93006D47B6 /* BookWithAnnotations.m */; };
/* End PBXBuildFile section */

/* Begin PBXFileReference section */
		58648FCA1EA4DDB2006D47B6 /* NullabilityDemo.app */ = {isa = PBXFileReference; explicitFileType = wrapper.application; includeInIndex = 0; path = NullabilityDemo.app; sourceTree = BUILT_PRODUCTS_DIR; };
		58648FCD1EA4DDB2006D47B6 /* AppDelegate.swift */ = {isa = PBXFileReference; lastKnownFileType = sourcecode.swift; path = AppDelegate.swift; sourceTree = "<group>"; };
		58648FCF1EA4DDB2006D47B6 /* ViewController.swift */ = {isa = PBXFileReference; lastKnownFileType = sourcecode.swift; path = ViewController.swift; sourceTree = "<group>"; };
		58648FD21EA4DDB2006D47B6 /* Base */ = {isa = PBXFileReference; lastKnownFileType = file.storyboard; name = Base; path = Base.lproj/Main.storyboard; sourceTree = "<group>"; };
		58648FD41EA4DDB2006D47B6 /* Assets.xcassets */ = {isa = PBXFileReference; lastKnownFileType = folder.assetcatalog; path = Assets.xcassets; sourceTree = "<group>"; };
		58648FD71EA4DDB2006D47B6 /* Base */ = {isa = PBXFileReference; lastKnownFileType = file.storyboard; name = Base; path = Base.lproj/LaunchScreen.storyboard; sourceTree = "<group>"; };
		58648FD91EA4DDB2006D47B6 /* Info.plist */ = {isa = PBXFileReference; lastKnownFileType = text.plist.xml; path = Info.plist; sourceTree = "<group>"; };
		58648FDF1EA4DDD4006D47B6 /* NullabilityDemo-Bridging-Header.h */ = {isa = PBXFileReference; lastKnownFileType = sourcecode.c.h; path = "NullabilityDemo-Bridging-Header.h"; sourceTree = "<group>"; };
		58648FE31EA4DE85006D47B6 /* Book.h */ = {isa = PBXFileReference; fileEncoding = 4; lastKnownFileType = sourcecode.c.h; path = Book.h; sourceTree = "<group>"; };
		58648FE41EA4DE85006D47B6 /* Book.m */ = {isa = PBXFileReference; fileEncoding = 4; lastKnownFileType = sourcecode.c.objc; path = Book.m; sourceTree = "<group>"; };
		58648FE61EA4DF93006D47B6 /* BookWithAnnotations.h */ = {isa = PBXFileReference; fileEncoding = 4; lastKnownFileType = sourcecode.c.h; path = BookWithAnnotations.h; sourceTree = "<group>"; };
		58648FE71EA4DF93006D47B6 /* BookWithAnnotations.m */ = {isa = PBXFileReference; fileEncoding = 4; lastKnownFileType = sourcecode.c.objc; path = BookWithAnnotations.m; sourceTree = "<group>"; };
/* End PBXFileReference section */

/* Begin PBXFrameworksBuildPhase section */
		58648FC71EA4DDB2006D47B6 /* Frameworks */ = {
			isa = PBXFrameworksBuildPhase;
			buildActionMask = 2147483647;
			files = (
			);
			runOnlyForDeploymentPostprocessing = 0;
		};
/* End PBXFrameworksBuildPhase section */

/* Begin PBXGroup section */
		58648FC11EA4DDB2006D47B6 = {
			isa = PBXGroup;
			children = (
				58648FCC1EA4DDB2006D47B6 /* NullabilityDemo */,
				58648FCB1EA4DDB2006D47B6 /* Products */,
			);
			sourceTree = "<group>";
		};
		58648FCB1EA4DDB2006D47B6 /* Products */ = {
			isa = PBXGroup;
			children = (
				58648FCA1EA4DDB2006D47B6 /* NullabilityDemo.app */,
			);
			name = Products;
			sourceTree = "<group>";
		};
		58648FCC1EA4DDB2006D47B6 /* NullabilityDemo */ = {
			isa = PBXGroup;
			children = (
				58648FCD1EA4DDB2006D47B6 /* AppDelegate.swift */,
				58648FCF1EA4DDB2006D47B6 /* ViewController.swift */,
				58648FD11EA4DDB2006D47B6 /* Main.storyboard */,
				58648FD41EA4DDB2006D47B6 /* Assets.xcassets */,
				58648FD61EA4DDB2006D47B6 /* LaunchScreen.storyboard */,
				58648FD91EA4DDB2006D47B6 /* Info.plist */,
				58648FE31EA4DE85006D47B6 /* Book.h */,
				58648FE41EA4DE85006D47B6 /* Book.m */,
				58648FE61EA4DF93006D47B6 /* BookWithAnnotations.h */,
				58648FE71EA4DF93006D47B6 /* BookWithAnnotations.m */,
				58648FDF1EA4DDD4006D47B6 /* NullabilityDemo-Bridging-Header.h */,
			);
			path = NullabilityDemo;
			sourceTree = "<group>";
		};
/* End PBXGroup section */

/* Begin PBXNativeTarget section */
		58648FC91EA4DDB2006D47B6 /* NullabilityDemo */ = {
			isa = PBXNativeTarget;
			buildConfigurationList = 58648FDC1EA4DDB2006D47B6 /* Build configuration list for PBXNativeTarget "NullabilityDemo" */;
			buildPhases = (
				58648FC61EA4DDB2006D47B6 /* Sources */,
				58648FC71EA4DDB2006D47B6 /* Frameworks */,
				58648FC81EA4DDB2006D47B6 /* Resources */,
			);
			buildRules = (
			);
			dependencies = (
			);
			name = NullabilityDemo;
			productName = NullabilityDemo;
			productReference = 58648FCA1EA4DDB2006D47B6 /* NullabilityDemo.app */;
			productType = "com.apple.product-type.application";
		};
/* End PBXNativeTarget section */

/* Begin PBXProject section */
		58648FC21EA4DDB2006D47B6 /* Project object */ = {
			isa = PBXProject;
			attributes = {
				LastSwiftUpdateCheck = 0820;
				LastUpgradeCheck = 0820;
				ORGANIZATIONNAME = ShannonChen;
				TargetAttributes = {
					58648FC91EA4DDB2006D47B6 = {
						CreatedOnToolsVersion = 8.2.1;
						LastSwiftMigration = 0820;
						ProvisioningStyle = Automatic;
					};
				};
			};
			buildConfigurationList = 58648FC51EA4DDB2006D47B6 /* Build configuration list for PBXProject "NullabilityDemo" */;
			compatibilityVersion = "Xcode 3.2";
			developmentRegion = English;
			hasScannedForEncodings = 0;
			knownRegions = (
				en,
				Base,
			);
			mainGroup = 58648FC11EA4DDB2006D47B6;
			productRefGroup = 58648FCB1EA4DDB2006D47B6 /* Products */;
			projectDirPath = "";
			projectRoot = "";
			targets = (
				58648FC91EA4DDB2006D47B6 /* NullabilityDemo */,
			);
		};
/* End PBXProject section */

/* Begin PBXResourcesBuildPhase section */
		58648FC81EA4DDB2006D47B6 /* Resources */ = {
			isa = PBXResourcesBuildPhase;
			buildActionMask = 2147483647;
			files = (
				58648FD81EA4DDB2006D47B6 /* LaunchScreen.storyboard in Resources */,
				58648FD51EA4DDB2006D47B6 /* Assets.xcassets in Resources */,
				58648FD31EA4DDB2006D47B6 /* Main.storyboard in Resources */,
			);
			runOnlyForDeploymentPostprocessing = 0;
		};
/* End PBXResourcesBuildPhase section */

/* Begin PBXSourcesBuildPhase section */
		58648FC61EA4DDB2006D47B6 /* Sources */ = {
			isa = PBXSourcesBuildPhase;
			buildActionMask = 2147483647;
			files = (
				58648FE51EA4DE85006D47B6 /* Book.m in Sources */,
				58648FE81EA4DF93006D47B6 /* BookWithAnnotations.m in Sources */,
				58648FD01EA4DDB2006D47B6 /* ViewController.swift in Sources */,
				58648FCE1EA4DDB2006D47B6 /* AppDelegate.swift in Sources */,
			);
			runOnlyForDeploymentPostprocessing = 0;
		};
/* End PBXSourcesBuildPhase section */

/* Begin PBXVariantGroup section */
		58648FD11EA4DDB2006D47B6 /* Main.storyboard */ = {
			isa = PBXVariantGroup;
			children = (
				58648FD21EA4DDB2006D47B6 /* Base */,
			);
			name = Main.storyboard;
			sourceTree = "<group>";
		};
		58648FD61EA4DDB2006D47B6 /* LaunchScreen.storyboard */ = {
			isa = PBXVariantGroup;
			children = (
				58648FD71EA4DDB2006D47B6 /* Base */,
			);
			name = LaunchScreen.storyboard;
			sourceTree = "<group>";
		};
/* End PBXVariantGroup section */

/* Begin XCBuildConfiguration section */
		58648FDA1EA4DDB2006D47B6 /* Debug */ = {
			isa = XCBuildConfiguration;
			buildSettings = {
				ALWAYS_SEARCH_USER_PATHS = NO;
				CLANG_ANALYZER_NONNULL = YES;
				CLANG_CXX_LANGUAGE_STANDARD = "gnu++0x";
				CLANG_CXX_LIBRARY = "libc++";
				CLANG_ENABLE_MODULES = YES;
				CLANG_ENABLE_OBJC_ARC = YES;
				CLANG_WARN_BOOL_CONVERSION = YES;
				CLANG_WARN_CONSTANT_CONVERSION = YES;
				CLANG_WARN_DIRECT_OBJC_ISA_USAGE = YES_ERROR;
				CLANG_WARN_DOCUMENTATION_COMMENTS = YES;
				CLANG_WARN_EMPTY_BODY = YES;
				CLANG_WARN_ENUM_CONVERSION = YES;
				CLANG_WARN_INFINITE_RECURSION = YES;
				CLANG_WARN_INT_CONVERSION = YES;
				CLANG_WARN_OBJC_ROOT_CLASS = YES_ERROR;
				CLANG_WARN_SUSPICIOUS_MOVE = YES;
				CLANG_WARN_UNREACHABLE_CODE = YES;
				CLANG_WARN__DUPLICATE_METHOD_MATCH = YES;
				"CODE_SIGN_IDENTITY[sdk=iphoneos*]" = "iPhone Developer";
				COPY_PHASE_STRIP = NO;
				DEBUG_INFORMATION_FORMAT = dwarf;
				ENABLE_STRICT_OBJC_MSGSEND = YES;
				ENABLE_TESTABILITY = YES;
				GCC_C_LANGUAGE_STANDARD = gnu99;
				GCC_DYNAMIC_NO_PIC = NO;
				GCC_NO_COMMON_BLOCKS = YES;
				GCC_OPTIMIZATION_LEVEL = 0;
				GCC_PREPROCESSOR_DEFINITIONS = (
					"DEBUG=1",
					"$(inherited)",
				);
				GCC_WARN_64_TO_32_BIT_CONVERSION = YES;
				GCC_WARN_ABOUT_RETURN_TYPE = YES_ERROR;
				GCC_WARN_UNDECLARED_SELECTOR = YES;
				GCC_WARN_UNINITIALIZED_AUTOS = YES_AGGRESSIVE;
				GCC_WARN_UNUSED_FUNCTION = YES;
				GCC_WARN_UNUSED_VARIABLE = YES;
				IPHONEOS_DEPLOYMENT_TARGET = 10.2;
				MTL_ENABLE_DEBUG_INFO = YES;
				ONLY_ACTIVE_ARCH = YES;
				SDKROOT = iphoneos;
				SWIFT_ACTIVE_COMPILATION_CONDITIONS = DEBUG;
				SWIFT_OPTIMIZATION_LEVEL = "-Onone";
			};
			name = Debug;
		};
		58648FDB1EA4DDB2006D47B6 /* Release */ = {
			isa = XCBuildConfiguration;
			buildSettings = {
				ALWAYS_SEARCH_USER_PATHS = NO;
				CLANG_ANALYZER_NONNULL = YES;
				CLANG_CXX_LANGUAGE_STANDARD = "gnu++0x";
				CLANG_CXX_LIBRARY = "libc++";
				CLANG_ENABLE_MODULES = YES;
				CLANG_ENABLE_OBJC_ARC = YES;
				CLANG_WARN_BOOL_CONVERSION = YES;
				CLANG_WARN_CONSTANT_CONVERSION = YES;
				CLANG_WARN_DIRECT_OBJC_ISA_USAGE = YES_ERROR;
				CLANG_WARN_DOCUMENTATION_COMMENTS = YES;
				CLANG_WARN_EMPTY_BODY = YES;
				CLANG_WARN_ENUM_CONVERSION = YES;
				CLANG_WARN_INFINITE_RECURSION = YES;
				CLANG_WARN_INT_CONVERSION = YES;
				CLANG_WARN_OBJC_ROOT_CLASS = YES_ERROR;
				CLANG_WARN_SUSPICIOUS_MOVE = YES;
				CLANG_WARN_UNREACHABLE_CODE = YES;
				CLANG_WARN__DUPLICATE_METHOD_MATCH = YES;
				"CODE_SIGN_IDENTITY[sdk=iphoneos*]" = "iPhone Developer";
				COPY_PHASE_STRIP = NO;
				DEBUG_INFORMATION_FORMAT = "dwarf-with-dsym";
				ENABLE_NS_ASSERTIONS = NO;
				ENABLE_STRICT_OBJC_MSGSEND = YES;
				GCC_C_LANGUAGE_STANDARD = gnu99;
				GCC_NO_COMMON_BLOCKS = YES;
				GCC_WARN_64_TO_32_BIT_CONVERSION = YES;
				GCC_WARN_ABOUT_RETURN_TYPE = YES_ERROR;
				GCC_WARN_UNDECLARED_SELECTOR = YES;
				GCC_WARN_UNINITIALIZED_AUTOS = YES_AGGRESSIVE;
				GCC_WARN_UNUSED_FUNCTION = YES;
				GCC_WARN_UNUSED_VARIABLE = YES;
				IPHONEOS_DEPLOYMENT_TARGET = 10.2;
				MTL_ENABLE_DEBUG_INFO = NO;
				SDKROOT = iphoneos;
				SWIFT_OPTIMIZATION_LEVEL = "-Owholemodule";
				VALIDATE_PRODUCT = YES;
			};
			name = Release;
		};
		58648FDD1EA4DDB2006D47B6 /* Debug */ = {
			isa = XCBuildConfiguration;
			buildSettings = {
				ASSETCATALOG_COMPILER_APPICON_NAME = AppIcon;
				CLANG_ENABLE_MODULES = YES;
				INFOPLIST_FILE = NullabilityDemo/Info.plist;
				LD_RUNPATH_SEARCH_PATHS = "$(inherited) @executable_path/Frameworks";
				PRODUCT_BUNDLE_IDENTIFIER = ShannonChen.NullabilityDemo;
				PRODUCT_NAME = "$(TARGET_NAME)";
				SWIFT_OBJC_BRIDGING_HEADER = "NullabilityDemo/NullabilityDemo-Bridging-Header.h";
				SWIFT_OPTIMIZATION_LEVEL = "-Onone";
				SWIFT_VERSION = 3.0;
			};
			name = Debug;
		};
		58648FDE1EA4DDB2006D47B6 /* Release */ = {
			isa = XCBuildConfiguration;
			buildSettings = {
				ASSETCATALOG_COMPILER_APPICON_NAME = AppIcon;
				CLANG_ENABLE_MODULES = YES;
				INFOPLIST_FILE = NullabilityDemo/Info.plist;
				LD_RUNPATH_SEARCH_PATHS = "$(inherited) @executable_path/Frameworks";
				PRODUCT_BUNDLE_IDENTIFIER = ShannonChen.NullabilityDemo;
				PRODUCT_NAME = "$(TARGET_NAME)";
				SWIFT_OBJC_BRIDGING_HEADER = "NullabilityDemo/NullabilityDemo-Bridging-Header.h";
				SWIFT_VERSION = 3.0;
			};
			name = Release;
		};
/* End XCBuildConfiguration section */

/* Begin XCConfigurationList section */
		58648FC51EA4DDB2006D47B6 /* Build configuration list for PBXProject "NullabilityDemo" */ = {
			isa = XCConfigurationList;
			buildConfigurations = (
				58648FDA1EA4DDB2006D47B6 /* Debug */,
				58648FDB1EA4DDB2006D47B6 /* Release */,
			);
			defaultConfigurationIsVisible = 0;
			defaultConfigurationName = Release;
		};
		58648FDC1EA4DDB2006D47B6 /* Build configuration list for PBXNativeTarget "NullabilityDemo" */ = {
			isa = XCConfigurationList;
			buildConfigurations = (
				58648FDD1EA4DDB2006D47B6 /* Debug */,
				58648FDE1EA4DDB2006D47B6 /* Release */,
			);
			defaultConfigurationIsVisible = 0;
		};
/* End XCConfigurationList section */
	};
	rootObject = 58648FC21EA4DDB2006D47B6 /* Project object */;
}
