// !$*UTF8*$!
{
	archiveVersion = 1;
	classes = {
	};
	objectVersion = 46;
	objects = {

/* Begin PBXBuildFile section */
		214017FD915D193BB3CF0B04 /* libPods.a in Frameworks */ = {isa = PBXBuildFile; fileRef = 889A151F7FC5726927C09654 /* libPods.a */; };
		580E91A81CC5FFDB00210097 /* WBStatusTool.m in Sources */ = {isa = PBXBuildFile; fileRef = 580E91A71CC5FFDB00210097 /* WBStatusTool.m */; };
		5866A9C91C9AA02E0094C668 /* MTTableViewCell.m in Sources */ = {isa = PBXBuildFile; fileRef = 5866A9C81C9AA02E0094C668 /* MTTableViewCell.m */; };
		587806DC1CA12319006A2589 /* WBStatusToolbar.m in Sources */ = {isa = PBXBuildFile; fileRef = 587806D91CA12319006A2589 /* WBStatusToolbar.m */; };
		587806DD1CA12319006A2589 /* WBStatusView.m in Sources */ = {isa = PBXBuildFile; fileRef = 587806DB1CA12319006A2589 /* WBStatusView.m */; };
		587806E01CA1240A006A2589 /* WBStatusTagView.m in Sources */ = {isa = PBXBuildFile; fileRef = 587806DF1CA1240A006A2589 /* WBStatusTagView.m */; };
		587806E31CA12460006A2589 /* WBStatusCardView.m in Sources */ = {isa = PBXBuildFile; fileRef = 587806E21CA12460006A2589 /* WBStatusCardView.m */; };
		587806E61CA124A5006A2589 /* WBStatusProfileView.m in Sources */ = {isa = PBXBuildFile; fileRef = 587806E51CA124A5006A2589 /* WBStatusProfileView.m */; };
		587806E91CA12509006A2589 /* WBStatusTitleView.m in Sources */ = {isa = PBXBuildFile; fileRef = 587806E81CA12509006A2589 /* WBStatusTitleView.m */; };
		5881BDD71C872E8200937DB1 /* MTFeedListExample.m in Sources */ = {isa = PBXBuildFile; fileRef = 5881BDD61C872E8200937DB1 /* MTFeedListExample.m */; };
		5881BEE41C87360200937DB1 /* libsqlite3.tbd in Frameworks */ = {isa = PBXBuildFile; fileRef = 5881BEE21C87360200937DB1 /* libsqlite3.tbd */; };
		5881BEE61C87362E00937DB1 /* libz.tbd in Frameworks */ = {isa = PBXBuildFile; fileRef = 5881BEE51C87362E00937DB1 /* libz.tbd */; };
		58AF79D01C853B32001DF9B9 /* main.m in Sources */ = {isa = PBXBuildFile; fileRef = 58AF79CF1C853B32001DF9B9 /* main.m */; };
		58AF79D31C853B32001DF9B9 /* AppDelegate.m in Sources */ = {isa = PBXBuildFile; fileRef = 58AF79D21C853B32001DF9B9 /* AppDelegate.m */; };
		58AF79DB1C853B32001DF9B9 /* Assets.xcassets in Resources */ = {isa = PBXBuildFile; fileRef = 58AF79DA1C853B32001DF9B9 /* Assets.xcassets */; };
		58AF79DE1C853B32001DF9B9 /* LaunchScreen.storyboard in Resources */ = {isa = PBXBuildFile; fileRef = 58AF79DC1C853B32001DF9B9 /* LaunchScreen.storyboard */; };
		58AF79E71C8540BA001DF9B9 /* MTRootViewController.m in Sources */ = {isa = PBXBuildFile; fileRef = 58AF79E61C8540BA001DF9B9 /* MTRootViewController.m */; };
		58CA56F71C8A88F000774157 /* WBStatusLayout.m in Sources */ = {isa = PBXBuildFile; fileRef = 58CA56F61C8A88F000774157 /* WBStatusLayout.m */; };
		58CA56FE1C8A946B00774157 /* WBStatusCell.m in Sources */ = {isa = PBXBuildFile; fileRef = 58CA56FD1C8A946B00774157 /* WBStatusCell.m */; };
		58CA57011C8A948200774157 /* WBModel.m in Sources */ = {isa = PBXBuildFile; fileRef = 58CA57001C8A948200774157 /* WBModel.m */; };
		58CA570A1C8A961900774157 /* weibo_0.json in Resources */ = {isa = PBXBuildFile; fileRef = 58CA57021C8A961900774157 /* weibo_0.json */; };
		58CA570B1C8A961900774157 /* weibo_1.json in Resources */ = {isa = PBXBuildFile; fileRef = 58CA57031C8A961900774157 /* weibo_1.json */; };
		58CA570C1C8A961900774157 /* weibo_2.json in Resources */ = {isa = PBXBuildFile; fileRef = 58CA57041C8A961900774157 /* weibo_2.json */; };
		58CA570D1C8A961900774157 /* weibo_3.json in Resources */ = {isa = PBXBuildFile; fileRef = 58CA57051C8A961900774157 /* weibo_3.json */; };
		58CA570E1C8A961900774157 /* weibo_4.json in Resources */ = {isa = PBXBuildFile; fileRef = 58CA57061C8A961900774157 /* weibo_4.json */; };
		58CA570F1C8A961900774157 /* weibo_5.json in Resources */ = {isa = PBXBuildFile; fileRef = 58CA57071C8A961900774157 /* weibo_5.json */; };
		58CA57101C8A961900774157 /* weibo_6.json in Resources */ = {isa = PBXBuildFile; fileRef = 58CA57081C8A961900774157 /* weibo_6.json */; };
		58CA57111C8A961900774157 /* weibo_7.json in Resources */ = {isa = PBXBuildFile; fileRef = 58CA57091C8A961900774157 /* weibo_7.json */; };
		58F5CE6D1C89D67300F96024 /* cube@2x.png in Resources */ = {isa = PBXBuildFile; fileRef = 58F5CE541C89D67300F96024 /* cube@2x.png */; };
		58F5CE6E1C89D67300F96024 /* EmoticonQQ.bundle in Resources */ = {isa = PBXBuildFile; fileRef = 58F5CE551C89D67300F96024 /* EmoticonQQ.bundle */; };
		58F5CE6F1C89D67300F96024 /* EmoticonWeibo.bundle in Resources */ = {isa = PBXBuildFile; fileRef = 58F5CE561C89D67300F96024 /* EmoticonWeibo.bundle */; };
		58F5CE701C89D67300F96024 /* google@2x.webp in Resources */ = {isa = PBXBuildFile; fileRef = 58F5CE571C89D67300F96024 /* google@2x.webp */; };
		58F5CE711C89D67300F96024 /* mew_baseline.gif in Resources */ = {isa = PBXBuildFile; fileRef = 58F5CE581C89D67300F96024 /* mew_baseline.gif */; };
		58F5CE721C89D67300F96024 /* mew_baseline.jpg in Resources */ = {isa = PBXBuildFile; fileRef = 58F5CE591C89D67300F96024 /* mew_baseline.jpg */; };
		58F5CE731C89D67300F96024 /* mew_baseline.png in Resources */ = {isa = PBXBuildFile; fileRef = 58F5CE5A1C89D67300F96024 /* mew_baseline.png */; };
		58F5CE741C89D67300F96024 /* mew_interlaced.gif in Resources */ = {isa = PBXBuildFile; fileRef = 58F5CE5B1C89D67300F96024 /* mew_interlaced.gif */; };
		58F5CE751C89D67300F96024 /* mew_interlaced.png in Resources */ = {isa = PBXBuildFile; fileRef = 58F5CE5C1C89D67300F96024 /* mew_interlaced.png */; };
		58F5CE761C89D67300F96024 /* mew_progressive.jpg in Resources */ = {isa = PBXBuildFile; fileRef = 58F5CE5D1C89D67300F96024 /* mew_progressive.jpg */; };
		58F5CE771C89D67300F96024 /* niconiconi@2x.gif in Resources */ = {isa = PBXBuildFile; fileRef = 58F5CE5E1C89D67300F96024 /* niconiconi@2x.gif */; };
		58F5CE781C89D67300F96024 /* nyancat@2x.webp in Resources */ = {isa = PBXBuildFile; fileRef = 58F5CE5F1C89D67300F96024 /* nyancat@2x.webp */; };
		58F5CE791C89D67300F96024 /* pia@2x.png in Resources */ = {isa = PBXBuildFile; fileRef = 58F5CE601C89D67300F96024 /* pia@2x.png */; };
		58F5CE7A1C89D67300F96024 /* ResourceTwitter.bundle in Resources */ = {isa = PBXBuildFile; fileRef = 58F5CE611C89D67300F96024 /* ResourceTwitter.bundle */; };
		58F5CE7B1C89D67300F96024 /* ResourceWeibo.bundle in Resources */ = {isa = PBXBuildFile; fileRef = 58F5CE621C89D67300F96024 /* ResourceWeibo.bundle */; };
		58F5CE7C1C89D67300F96024 /* Twitter@3x.jpg in Resources */ = {isa = PBXBuildFile; fileRef = 58F5CE631C89D67300F96024 /* Twitter@3x.jpg */; };
		58F5CE7D1C89D67300F96024 /* wall-e@2x.webp in Resources */ = {isa = PBXBuildFile; fileRef = 58F5CE641C89D67300F96024 /* wall-e@2x.webp */; };
		58F5CE7E1C89D67300F96024 /* Weibo@3x.jpg in Resources */ = {isa = PBXBuildFile; fileRef = 58F5CE651C89D67300F96024 /* Weibo@3x.jpg */; };
		58F5CE811C89D6D800F96024 /* WBStatusTimelineVC.m in Sources */ = {isa = PBXBuildFile; fileRef = 58F5CE801C89D6D800F96024 /* WBStatusTimelineVC.m */; };
		58F5CE841C89D75900F96024 /* MTTableView.m in Sources */ = {isa = PBXBuildFile; fileRef = 58F5CE831C89D75900F96024 /* MTTableView.m */; };
/* End PBXBuildFile section */

/* Begin PBXFileReference section */
		1D8D49900E52991C42AEB3B0 /* Pods.release.xcconfig */ = {isa = PBXFileReference; includeInIndex = 1; lastKnownFileType = text.xcconfig; name = Pods.release.xcconfig; path = "Pods/Target Support Files/Pods/Pods.release.xcconfig"; sourceTree = "<group>"; };
		580E91A61CC5FFDB00210097 /* WBStatusTool.h */ = {isa = PBXFileReference; fileEncoding = 4; lastKnownFileType = sourcecode.c.h; path = WBStatusTool.h; sourceTree = "<group>"; };
		580E91A71CC5FFDB00210097 /* WBStatusTool.m */ = {isa = PBXFileReference; fileEncoding = 4; lastKnownFileType = sourcecode.c.objc; path = WBStatusTool.m; sourceTree = "<group>"; };
		5866A9C71C9AA02E0094C668 /* MTTableViewCell.h */ = {isa = PBXFileReference; fileEncoding = 4; lastKnownFileType = sourcecode.c.h; path = MTTableViewCell.h; sourceTree = "<group>"; };
		5866A9C81C9AA02E0094C668 /* MTTableViewCell.m */ = {isa = PBXFileReference; fileEncoding = 4; lastKnownFileType = sourcecode.c.objc; path = MTTableViewCell.m; sourceTree = "<group>"; };
		587806D81CA12319006A2589 /* WBStatusToolbar.h */ = {isa = PBXFileReference; fileEncoding = 4; lastKnownFileType = sourcecode.c.h; path = WBStatusToolbar.h; sourceTree = "<group>"; };
		587806D91CA12319006A2589 /* WBStatusToolbar.m */ = {isa = PBXFileReference; fileEncoding = 4; lastKnownFileType = sourcecode.c.objc; path = WBStatusToolbar.m; sourceTree = "<group>"; };
		587806DA1CA12319006A2589 /* WBStatusView.h */ = {isa = PBXFileReference; fileEncoding = 4; lastKnownFileType = sourcecode.c.h; path = WBStatusView.h; sourceTree = "<group>"; };
		587806DB1CA12319006A2589 /* WBStatusView.m */ = {isa = PBXFileReference; fileEncoding = 4; lastKnownFileType = sourcecode.c.objc; path = WBStatusView.m; sourceTree = "<group>"; };
		587806DE1CA1240A006A2589 /* WBStatusTagView.h */ = {isa = PBXFileReference; fileEncoding = 4; lastKnownFileType = sourcecode.c.h; path = WBStatusTagView.h; sourceTree = "<group>"; };
		587806DF1CA1240A006A2589 /* WBStatusTagView.m */ = {isa = PBXFileReference; fileEncoding = 4; lastKnownFileType = sourcecode.c.objc; path = WBStatusTagView.m; sourceTree = "<group>"; };
		587806E11CA12460006A2589 /* WBStatusCardView.h */ = {isa = PBXFileReference; fileEncoding = 4; lastKnownFileType = sourcecode.c.h; path = WBStatusCardView.h; sourceTree = "<group>"; };
		587806E21CA12460006A2589 /* WBStatusCardView.m */ = {isa = PBXFileReference; fileEncoding = 4; lastKnownFileType = sourcecode.c.objc; path = WBStatusCardView.m; sourceTree = "<group>"; };
		587806E41CA124A5006A2589 /* WBStatusProfileView.h */ = {isa = PBXFileReference; fileEncoding = 4; lastKnownFileType = sourcecode.c.h; path = WBStatusProfileView.h; sourceTree = "<group>"; };
		587806E51CA124A5006A2589 /* WBStatusProfileView.m */ = {isa = PBXFileReference; fileEncoding = 4; lastKnownFileType = sourcecode.c.objc; path = WBStatusProfileView.m; sourceTree = "<group>"; };
		587806E71CA12509006A2589 /* WBStatusTitleView.h */ = {isa = PBXFileReference; fileEncoding = 4; lastKnownFileType = sourcecode.c.h; path = WBStatusTitleView.h; sourceTree = "<group>"; };
		587806E81CA12509006A2589 /* WBStatusTitleView.m */ = {isa = PBXFileReference; fileEncoding = 4; lastKnownFileType = sourcecode.c.objc; path = WBStatusTitleView.m; sourceTree = "<group>"; };
		5881BDD51C872E8200937DB1 /* MTFeedListExample.h */ = {isa = PBXFileReference; fileEncoding = 4; lastKnownFileType = sourcecode.c.h; path = MTFeedListExample.h; sourceTree = "<group>"; };
		5881BDD61C872E8200937DB1 /* MTFeedListExample.m */ = {isa = PBXFileReference; fileEncoding = 4; lastKnownFileType = sourcecode.c.objc; path = MTFeedListExample.m; sourceTree = "<group>"; };
		5881BEE21C87360200937DB1 /* libsqlite3.tbd */ = {isa = PBXFileReference; lastKnownFileType = "sourcecode.text-based-dylib-definition"; name = libsqlite3.tbd; path = usr/lib/libsqlite3.tbd; sourceTree = SDKROOT; };
		5881BEE51C87362E00937DB1 /* libz.tbd */ = {isa = PBXFileReference; lastKnownFileType = "sourcecode.text-based-dylib-definition"; name = libz.tbd; path = usr/lib/libz.tbd; sourceTree = SDKROOT; };
		58AF79CB1C853B32001DF9B9 /* Demo_YYKitDemoCopy.app */ = {isa = PBXFileReference; explicitFileType = wrapper.application; includeInIndex = 0; path = Demo_YYKitDemoCopy.app; sourceTree = BUILT_PRODUCTS_DIR; };
		58AF79CF1C853B32001DF9B9 /* main.m */ = {isa = PBXFileReference; lastKnownFileType = sourcecode.c.objc; path = main.m; sourceTree = "<group>"; };
		58AF79D11C853B32001DF9B9 /* AppDelegate.h */ = {isa = PBXFileReference; lastKnownFileType = sourcecode.c.h; path = AppDelegate.h; sourceTree = "<group>"; };
		58AF79D21C853B32001DF9B9 /* AppDelegate.m */ = {isa = PBXFileReference; lastKnownFileType = sourcecode.c.objc; path = AppDelegate.m; sourceTree = "<group>"; };
		58AF79DA1C853B32001DF9B9 /* Assets.xcassets */ = {isa = PBXFileReference; lastKnownFileType = folder.assetcatalog; path = Assets.xcassets; sourceTree = "<group>"; };
		58AF79DD1C853B32001DF9B9 /* Base */ = {isa = PBXFileReference; lastKnownFileType = file.storyboard; name = Base; path = Base.lproj/LaunchScreen.storyboard; sourceTree = "<group>"; };
		58AF79DF1C853B32001DF9B9 /* Info.plist */ = {isa = PBXFileReference; lastKnownFileType = text.plist.xml; path = Info.plist; sourceTree = "<group>"; };
		58AF79E51C8540BA001DF9B9 /* MTRootViewController.h */ = {isa = PBXFileReference; fileEncoding = 4; lastKnownFileType = sourcecode.c.h; path = MTRootViewController.h; sourceTree = "<group>"; };
		58AF79E61C8540BA001DF9B9 /* MTRootViewController.m */ = {isa = PBXFileReference; fileEncoding = 4; lastKnownFileType = sourcecode.c.objc; path = MTRootViewController.m; sourceTree = "<group>"; };
		58CA56F51C8A88F000774157 /* WBStatusLayout.h */ = {isa = PBXFileReference; fileEncoding = 4; lastKnownFileType = sourcecode.c.h; path = WBStatusLayout.h; sourceTree = "<group>"; };
		58CA56F61C8A88F000774157 /* WBStatusLayout.m */ = {isa = PBXFileReference; fileEncoding = 4; lastKnownFileType = sourcecode.c.objc; path = WBStatusLayout.m; sourceTree = "<group>"; };
		58CA56FC1C8A946B00774157 /* WBStatusCell.h */ = {isa = PBXFileReference; fileEncoding = 4; lastKnownFileType = sourcecode.c.h; path = WBStatusCell.h; sourceTree = "<group>"; };
		58CA56FD1C8A946B00774157 /* WBStatusCell.m */ = {isa = PBXFileReference; fileEncoding = 4; lastKnownFileType = sourcecode.c.objc; path = WBStatusCell.m; sourceTree = "<group>"; };
		58CA56FF1C8A948200774157 /* WBModel.h */ = {isa = PBXFileReference; fileEncoding = 4; lastKnownFileType = sourcecode.c.h; path = WBModel.h; sourceTree = "<group>"; };
		58CA57001C8A948200774157 /* WBModel.m */ = {isa = PBXFileReference; fileEncoding = 4; lastKnownFileType = sourcecode.c.objc; path = WBModel.m; sourceTree = "<group>"; };
		58CA57021C8A961900774157 /* weibo_0.json */ = {isa = PBXFileReference; fileEncoding = 4; lastKnownFileType = text.json; path = weibo_0.json; sourceTree = "<group>"; };
		58CA57031C8A961900774157 /* weibo_1.json */ = {isa = PBXFileReference; fileEncoding = 4; lastKnownFileType = text.json; path = weibo_1.json; sourceTree = "<group>"; };
		58CA57041C8A961900774157 /* weibo_2.json */ = {isa = PBXFileReference; fileEncoding = 4; lastKnownFileType = text.json; path = weibo_2.json; sourceTree = "<group>"; };
		58CA57051C8A961900774157 /* weibo_3.json */ = {isa = PBXFileReference; fileEncoding = 4; lastKnownFileType = text.json; path = weibo_3.json; sourceTree = "<group>"; };
		58CA57061C8A961900774157 /* weibo_4.json */ = {isa = PBXFileReference; fileEncoding = 4; lastKnownFileType = text.json; path = weibo_4.json; sourceTree = "<group>"; };
		58CA57071C8A961900774157 /* weibo_5.json */ = {isa = PBXFileReference; fileEncoding = 4; lastKnownFileType = text.json; path = weibo_5.json; sourceTree = "<group>"; };
		58CA57081C8A961900774157 /* weibo_6.json */ = {isa = PBXFileReference; fileEncoding = 4; lastKnownFileType = text.json; path = weibo_6.json; sourceTree = "<group>"; };
		58CA57091C8A961900774157 /* weibo_7.json */ = {isa = PBXFileReference; fileEncoding = 4; lastKnownFileType = text.json; path = weibo_7.json; sourceTree = "<group>"; };
		58F5CE541C89D67300F96024 /* cube@2x.png */ = {isa = PBXFileReference; lastKnownFileType = image.png; path = "cube@2x.png"; sourceTree = "<group>"; };
		58F5CE551C89D67300F96024 /* EmoticonQQ.bundle */ = {isa = PBXFileReference; lastKnownFileType = "wrapper.plug-in"; path = EmoticonQQ.bundle; sourceTree = "<group>"; };
		58F5CE561C89D67300F96024 /* EmoticonWeibo.bundle */ = {isa = PBXFileReference; lastKnownFileType = "wrapper.plug-in"; path = EmoticonWeibo.bundle; sourceTree = "<group>"; };
		58F5CE571C89D67300F96024 /* google@2x.webp */ = {isa = PBXFileReference; lastKnownFileType = file; path = "google@2x.webp"; sourceTree = "<group>"; };
		58F5CE581C89D67300F96024 /* mew_baseline.gif */ = {isa = PBXFileReference; lastKnownFileType = image.gif; path = mew_baseline.gif; sourceTree = "<group>"; };
		58F5CE591C89D67300F96024 /* mew_baseline.jpg */ = {isa = PBXFileReference; lastKnownFileType = image.jpeg; path = mew_baseline.jpg; sourceTree = "<group>"; };
		58F5CE5A1C89D67300F96024 /* mew_baseline.png */ = {isa = PBXFileReference; lastKnownFileType = image.png; path = mew_baseline.png; sourceTree = "<group>"; };
		58F5CE5B1C89D67300F96024 /* mew_interlaced.gif */ = {isa = PBXFileReference; lastKnownFileType = image.gif; path = mew_interlaced.gif; sourceTree = "<group>"; };
		58F5CE5C1C89D67300F96024 /* mew_interlaced.png */ = {isa = PBXFileReference; lastKnownFileType = image.png; path = mew_interlaced.png; sourceTree = "<group>"; };
		58F5CE5D1C89D67300F96024 /* mew_progressive.jpg */ = {isa = PBXFileReference; lastKnownFileType = image.jpeg; path = mew_progressive.jpg; sourceTree = "<group>"; };
		58F5CE5E1C89D67300F96024 /* niconiconi@2x.gif */ = {isa = PBXFileReference; lastKnownFileType = image.gif; path = "niconiconi@2x.gif"; sourceTree = "<group>"; };
		58F5CE5F1C89D67300F96024 /* nyancat@2x.webp */ = {isa = PBXFileReference; lastKnownFileType = file; path = "nyancat@2x.webp"; sourceTree = "<group>"; };
		58F5CE601C89D67300F96024 /* pia@2x.png */ = {isa = PBXFileReference; lastKnownFileType = image.png; path = "pia@2x.png"; sourceTree = "<group>"; };
		58F5CE611C89D67300F96024 /* ResourceTwitter.bundle */ = {isa = PBXFileReference; lastKnownFileType = "wrapper.plug-in"; path = ResourceTwitter.bundle; sourceTree = "<group>"; };
		58F5CE621C89D67300F96024 /* ResourceWeibo.bundle */ = {isa = PBXFileReference; lastKnownFileType = "wrapper.plug-in"; path = ResourceWeibo.bundle; sourceTree = "<group>"; };
		58F5CE631C89D67300F96024 /* Twitter@3x.jpg */ = {isa = PBXFileReference; lastKnownFileType = image.jpeg; path = "Twitter@3x.jpg"; sourceTree = "<group>"; };
		58F5CE641C89D67300F96024 /* wall-e@2x.webp */ = {isa = PBXFileReference; lastKnownFileType = file; path = "wall-e@2x.webp"; sourceTree = "<group>"; };
		58F5CE651C89D67300F96024 /* Weibo@3x.jpg */ = {isa = PBXFileReference; lastKnownFileType = image.jpeg; path = "Weibo@3x.jpg"; sourceTree = "<group>"; };
		58F5CE7F1C89D6D800F96024 /* WBStatusTimelineVC.h */ = {isa = PBXFileReference; fileEncoding = 4; lastKnownFileType = sourcecode.c.h; path = WBStatusTimelineVC.h; sourceTree = "<group>"; };
		58F5CE801C89D6D800F96024 /* WBStatusTimelineVC.m */ = {isa = PBXFileReference; fileEncoding = 4; lastKnownFileType = sourcecode.c.objc; path = WBStatusTimelineVC.m; sourceTree = "<group>"; };
		58F5CE821C89D75900F96024 /* MTTableView.h */ = {isa = PBXFileReference; fileEncoding = 4; lastKnownFileType = sourcecode.c.h; path = MTTableView.h; sourceTree = "<group>"; };
		58F5CE831C89D75900F96024 /* MTTableView.m */ = {isa = PBXFileReference; fileEncoding = 4; lastKnownFileType = sourcecode.c.objc; path = MTTableView.m; sourceTree = "<group>"; };
		889A151F7FC5726927C09654 /* libPods.a */ = {isa = PBXFileReference; explicitFileType = archive.ar; includeInIndex = 0; path = libPods.a; sourceTree = BUILT_PRODUCTS_DIR; };
		FC422EF0B681115E1EC82860 /* Pods.debug.xcconfig */ = {isa = PBXFileReference; includeInIndex = 1; lastKnownFileType = text.xcconfig; name = Pods.debug.xcconfig; path = "Pods/Target Support Files/Pods/Pods.debug.xcconfig"; sourceTree = "<group>"; };
/* End PBXFileReference section */

/* Begin PBXFrameworksBuildPhase section */
		58AF79C81C853B32001DF9B9 /* Frameworks */ = {
			isa = PBXFrameworksBuildPhase;
			buildActionMask = 2147483647;
			files = (
				5881BEE61C87362E00937DB1 /* libz.tbd in Frameworks */,
				5881BEE41C87360200937DB1 /* libsqlite3.tbd in Frameworks */,
				214017FD915D193BB3CF0B04 /* libPods.a in Frameworks */,
			);
			runOnlyForDeploymentPostprocessing = 0;
		};
/* End PBXFrameworksBuildPhase section */

/* Begin PBXGroup section */
		587806D71CA12319006A2589 /* Views */ = {
			isa = PBXGroup;
			children = (
				587806E71CA12509006A2589 /* WBStatusTitleView.h */,
				587806E81CA12509006A2589 /* WBStatusTitleView.m */,
				587806E41CA124A5006A2589 /* WBStatusProfileView.h */,
				587806E51CA124A5006A2589 /* WBStatusProfileView.m */,
				587806E11CA12460006A2589 /* WBStatusCardView.h */,
				587806E21CA12460006A2589 /* WBStatusCardView.m */,
				587806DE1CA1240A006A2589 /* WBStatusTagView.h */,
				587806DF1CA1240A006A2589 /* WBStatusTagView.m */,
				587806D81CA12319006A2589 /* WBStatusToolbar.h */,
				587806D91CA12319006A2589 /* WBStatusToolbar.m */,
				587806DA1CA12319006A2589 /* WBStatusView.h */,
				587806DB1CA12319006A2589 /* WBStatusView.m */,
			);
			path = Views;
			sourceTree = "<group>";
		};
		58AF79C21C853B32001DF9B9 = {
			isa = PBXGroup;
			children = (
				5881BEE51C87362E00937DB1 /* libz.tbd */,
				5881BEE21C87360200937DB1 /* libsqlite3.tbd */,
				58AF79CD1C853B32001DF9B9 /* Demo_YYKitDemoCopy */,
				58AF79CC1C853B32001DF9B9 /* Products */,
				665BBE9DFF6C5F107459BAB3 /* Pods */,
				69D85E9D61188A0118C9DCD6 /* Frameworks */,
			);
			sourceTree = "<group>";
		};
		58AF79CC1C853B32001DF9B9 /* Products */ = {
			isa = PBXGroup;
			children = (
				58AF79CB1C853B32001DF9B9 /* Demo_YYKitDemoCopy.app */,
			);
			name = Products;
			sourceTree = "<group>";
		};
		58AF79CD1C853B32001DF9B9 /* Demo_YYKitDemoCopy */ = {
			isa = PBXGroup;
			children = (
				58AF79D11C853B32001DF9B9 /* AppDelegate.h */,
				58AF79D21C853B32001DF9B9 /* AppDelegate.m */,
				58AF79E51C8540BA001DF9B9 /* MTRootViewController.h */,
				58AF79E61C8540BA001DF9B9 /* MTRootViewController.m */,
				5881BDD51C872E8200937DB1 /* MTFeedListExample.h */,
				5881BDD61C872E8200937DB1 /* MTFeedListExample.m */,
				58F5CE661C89D67300F96024 /* Twitter */,
				58F5CE681C89D67300F96024 /* Weibo */,
				58F5CE511C89D67300F96024 /* Other */,
				58F5CE521C89D67300F96024 /* Resources */,
				58AF79CE1C853B32001DF9B9 /* Supporting Files */,
			);
			path = Demo_YYKitDemoCopy;
			sourceTree = "<group>";
		};
		58AF79CE1C853B32001DF9B9 /* Supporting Files */ = {
			isa = PBXGroup;
			children = (
				58AF79DA1C853B32001DF9B9 /* Assets.xcassets */,
				58AF79DC1C853B32001DF9B9 /* LaunchScreen.storyboard */,
				58AF79DF1C853B32001DF9B9 /* Info.plist */,
				58AF79CF1C853B32001DF9B9 /* main.m */,
			);
			name = "Supporting Files";
			sourceTree = "<group>";
		};
		58F5CE511C89D67300F96024 /* Other */ = {
			isa = PBXGroup;
			children = (
				58F5CE821C89D75900F96024 /* MTTableView.h */,
				58F5CE831C89D75900F96024 /* MTTableView.m */,
				5866A9C71C9AA02E0094C668 /* MTTableViewCell.h */,
				5866A9C81C9AA02E0094C668 /* MTTableViewCell.m */,
			);
			path = Other;
			sourceTree = "<group>";
		};
		58F5CE521C89D67300F96024 /* Resources */ = {
			isa = PBXGroup;
			children = (
				58F5CE531C89D67300F96024 /* Compare */,
				58F5CE541C89D67300F96024 /* cube@2x.png */,
				58F5CE551C89D67300F96024 /* EmoticonQQ.bundle */,
				58F5CE561C89D67300F96024 /* EmoticonWeibo.bundle */,
				58F5CE571C89D67300F96024 /* google@2x.webp */,
				58F5CE581C89D67300F96024 /* mew_baseline.gif */,
				58F5CE591C89D67300F96024 /* mew_baseline.jpg */,
				58F5CE5A1C89D67300F96024 /* mew_baseline.png */,
				58F5CE5B1C89D67300F96024 /* mew_interlaced.gif */,
				58F5CE5C1C89D67300F96024 /* mew_interlaced.png */,
				58F5CE5D1C89D67300F96024 /* mew_progressive.jpg */,
				58F5CE5E1C89D67300F96024 /* niconiconi@2x.gif */,
				58F5CE5F1C89D67300F96024 /* nyancat@2x.webp */,
				58F5CE601C89D67300F96024 /* pia@2x.png */,
				58F5CE611C89D67300F96024 /* ResourceTwitter.bundle */,
				58F5CE621C89D67300F96024 /* ResourceWeibo.bundle */,
				58F5CE631C89D67300F96024 /* Twitter@3x.jpg */,
				58F5CE641C89D67300F96024 /* wall-e@2x.webp */,
				58F5CE651C89D67300F96024 /* Weibo@3x.jpg */,
			);
			path = Resources;
			sourceTree = "<group>";
		};
		58F5CE531C89D67300F96024 /* Compare */ = {
			isa = PBXGroup;
			children = (
			);
			path = Compare;
			sourceTree = "<group>";
		};
		58F5CE661C89D67300F96024 /* Twitter */ = {
			isa = PBXGroup;
			children = (
				58F5CE671C89D67300F96024 /* API Dump */,
			);
			path = Twitter;
			sourceTree = "<group>";
		};
		58F5CE671C89D67300F96024 /* API Dump */ = {
			isa = PBXGroup;
			children = (
			);
			path = "API Dump";
			sourceTree = "<group>";
		};
		58F5CE681C89D67300F96024 /* Weibo */ = {
			isa = PBXGroup;
			children = (
				58F5CE6C1C89D67300F96024 /* Timeline */,
				58F5CE6A1C89D67300F96024 /* Compose */,
				58F5CE6B1C89D67300F96024 /* Helper */,
				58F5CE691C89D67300F96024 /* API Dump */,
			);
			path = Weibo;
			sourceTree = "<group>";
		};
		58F5CE691C89D67300F96024 /* API Dump */ = {
			isa = PBXGroup;
			children = (
				58CA57021C8A961900774157 /* weibo_0.json */,
				58CA57031C8A961900774157 /* weibo_1.json */,
				58CA57041C8A961900774157 /* weibo_2.json */,
				58CA57051C8A961900774157 /* weibo_3.json */,
				58CA57061C8A961900774157 /* weibo_4.json */,
				58CA57071C8A961900774157 /* weibo_5.json */,
				58CA57081C8A961900774157 /* weibo_6.json */,
				58CA57091C8A961900774157 /* weibo_7.json */,
			);
			path = "API Dump";
			sourceTree = "<group>";
		};
		58F5CE6A1C89D67300F96024 /* Compose */ = {
			isa = PBXGroup;
			children = (
			);
			path = Compose;
			sourceTree = "<group>";
		};
		58F5CE6B1C89D67300F96024 /* Helper */ = {
			isa = PBXGroup;
			children = (
				580E91A61CC5FFDB00210097 /* WBStatusTool.h */,
				580E91A71CC5FFDB00210097 /* WBStatusTool.m */,
			);
			path = Helper;
			sourceTree = "<group>";
		};
		58F5CE6C1C89D67300F96024 /* Timeline */ = {
			isa = PBXGroup;
			children = (
				587806D71CA12319006A2589 /* Views */,
				58F5CE7F1C89D6D800F96024 /* WBStatusTimelineVC.h */,
				58F5CE801C89D6D800F96024 /* WBStatusTimelineVC.m */,
				58CA56F51C8A88F000774157 /* WBStatusLayout.h */,
				58CA56F61C8A88F000774157 /* WBStatusLayout.m */,
				58CA56FC1C8A946B00774157 /* WBStatusCell.h */,
				58CA56FD1C8A946B00774157 /* WBStatusCell.m */,
				58CA56FF1C8A948200774157 /* WBModel.h */,
				58CA57001C8A948200774157 /* WBModel.m */,
			);
			path = Timeline;
			sourceTree = "<group>";
		};
		665BBE9DFF6C5F107459BAB3 /* Pods */ = {
			isa = PBXGroup;
			children = (
				FC422EF0B681115E1EC82860 /* Pods.debug.xcconfig */,
				1D8D49900E52991C42AEB3B0 /* Pods.release.xcconfig */,
			);
			name = Pods;
			sourceTree = "<group>";
		};
		69D85E9D61188A0118C9DCD6 /* Frameworks */ = {
			isa = PBXGroup;
			children = (
				889A151F7FC5726927C09654 /* libPods.a */,
			);
			name = Frameworks;
			sourceTree = "<group>";
		};
/* End PBXGroup section */

/* Begin PBXNativeTarget section */
		58AF79CA1C853B32001DF9B9 /* Demo_YYKitDemoCopy */ = {
			isa = PBXNativeTarget;
			buildConfigurationList = 58AF79E21C853B32001DF9B9 /* Build configuration list for PBXNativeTarget "Demo_YYKitDemoCopy" */;
			buildPhases = (
				0EEAB97C7239465C7A9FBA8A /* Check Pods Manifest.lock */,
				58AF79C71C853B32001DF9B9 /* Sources */,
				58AF79C81C853B32001DF9B9 /* Frameworks */,
				58AF79C91C853B32001DF9B9 /* Resources */,
				2D63628BEC44E2D48F462695 /* Embed Pods Frameworks */,
				B85462D89B5E0355C3919BE1 /* Copy Pods Resources */,
			);
			buildRules = (
			);
			dependencies = (
			);
			name = Demo_YYKitDemoCopy;
			productName = Demo_YYKitDemoCopy;
			productReference = 58AF79CB1C853B32001DF9B9 /* Demo_YYKitDemoCopy.app */;
			productType = "com.apple.product-type.application";
		};
/* End PBXNativeTarget section */

/* Begin PBXProject section */
		58AF79C31C853B32001DF9B9 /* Project object */ = {
			isa = PBXProject;
			attributes = {
				CLASSPREFIX = MT;
				LastUpgradeCheck = 0720;
				ORGANIZATIONNAME = Meitun;
				TargetAttributes = {
					58AF79CA1C853B32001DF9B9 = {
						CreatedOnToolsVersion = 7.2;
						DevelopmentTeam = L32PN8QKLZ;
					};
				};
			};
			buildConfigurationList = 58AF79C61C853B32001DF9B9 /* Build configuration list for PBXProject "Demo_YYKitDemoCopy" */;
			compatibilityVersion = "Xcode 3.2";
			developmentRegion = English;
			hasScannedForEncodings = 0;
			knownRegions = (
				en,
				Base,
			);
			mainGroup = 58AF79C21C853B32001DF9B9;
			productRefGroup = 58AF79CC1C853B32001DF9B9 /* Products */;
			projectDirPath = "";
			projectRoot = "";
			targets = (
				58AF79CA1C853B32001DF9B9 /* Demo_YYKitDemoCopy */,
			);
		};
/* End PBXProject section */

/* Begin PBXResourcesBuildPhase section */
		58AF79C91C853B32001DF9B9 /* Resources */ = {
			isa = PBXResourcesBuildPhase;
			buildActionMask = 2147483647;
			files = (
				58CA57111C8A961900774157 /* weibo_7.json in Resources */,
				58F5CE791C89D67300F96024 /* pia@2x.png in Resources */,
				58F5CE6D1C89D67300F96024 /* cube@2x.png in Resources */,
				58F5CE6E1C89D67300F96024 /* EmoticonQQ.bundle in Resources */,
				58F5CE7B1C89D67300F96024 /* ResourceWeibo.bundle in Resources */,
				58CA570F1C8A961900774157 /* weibo_5.json in Resources */,
				58CA570D1C8A961900774157 /* weibo_3.json in Resources */,
				58F5CE721C89D67300F96024 /* mew_baseline.jpg in Resources */,
				58CA57101C8A961900774157 /* weibo_6.json in Resources */,
				58AF79DE1C853B32001DF9B9 /* LaunchScreen.storyboard in Resources */,
				58AF79DB1C853B32001DF9B9 /* Assets.xcassets in Resources */,
				58CA570A1C8A961900774157 /* weibo_0.json in Resources */,
				58CA570C1C8A961900774157 /* weibo_2.json in Resources */,
				58F5CE731C89D67300F96024 /* mew_baseline.png in Resources */,
				58F5CE751C89D67300F96024 /* mew_interlaced.png in Resources */,
				58F5CE761C89D67300F96024 /* mew_progressive.jpg in Resources */,
				58F5CE7A1C89D67300F96024 /* ResourceTwitter.bundle in Resources */,
				58F5CE711C89D67300F96024 /* mew_baseline.gif in Resources */,
				58CA570E1C8A961900774157 /* weibo_4.json in Resources */,
				58F5CE7E1C89D67300F96024 /* Weibo@3x.jpg in Resources */,
				58CA570B1C8A961900774157 /* weibo_1.json in Resources */,
				58F5CE781C89D67300F96024 /* nyancat@2x.webp in Resources */,
				58F5CE7D1C89D67300F96024 /* wall-e@2x.webp in Resources */,
				58F5CE741C89D67300F96024 /* mew_interlaced.gif in Resources */,
				58F5CE771C89D67300F96024 /* niconiconi@2x.gif in Resources */,
				58F5CE7C1C89D67300F96024 /* Twitter@3x.jpg in Resources */,
				58F5CE6F1C89D67300F96024 /* EmoticonWeibo.bundle in Resources */,
				58F5CE701C89D67300F96024 /* google@2x.webp in Resources */,
			);
			runOnlyForDeploymentPostprocessing = 0;
		};
/* End PBXResourcesBuildPhase section */

/* Begin PBXShellScriptBuildPhase section */
		0EEAB97C7239465C7A9FBA8A /* Check Pods Manifest.lock */ = {
			isa = PBXShellScriptBuildPhase;
			buildActionMask = 2147483647;
			files = (
			);
			inputPaths = (
			);
			name = "Check Pods Manifest.lock";
			outputPaths = (
			);
			runOnlyForDeploymentPostprocessing = 0;
			shellPath = /bin/sh;
			shellScript = "diff \"${PODS_ROOT}/../Podfile.lock\" \"${PODS_ROOT}/Manifest.lock\" > /dev/null\nif [[ $? != 0 ]] ; then\n    cat << EOM\nerror: The sandbox is not in sync with the Podfile.lock. Run 'pod install' or update your CocoaPods installation.\nEOM\n    exit 1\nfi\n";
			showEnvVarsInLog = 0;
		};
		2D63628BEC44E2D48F462695 /* Embed Pods Frameworks */ = {
			isa = PBXShellScriptBuildPhase;
			buildActionMask = 2147483647;
			files = (
			);
			inputPaths = (
			);
			name = "Embed Pods Frameworks";
			outputPaths = (
			);
			runOnlyForDeploymentPostprocessing = 0;
			shellPath = /bin/sh;
			shellScript = "\"${SRCROOT}/Pods/Target Support Files/Pods/Pods-frameworks.sh\"\n";
			showEnvVarsInLog = 0;
		};
		B85462D89B5E0355C3919BE1 /* Copy Pods Resources */ = {
			isa = PBXShellScriptBuildPhase;
			buildActionMask = 2147483647;
			files = (
			);
			inputPaths = (
			);
			name = "Copy Pods Resources";
			outputPaths = (
			);
			runOnlyForDeploymentPostprocessing = 0;
			shellPath = /bin/sh;
			shellScript = "\"${SRCROOT}/Pods/Target Support Files/Pods/Pods-resources.sh\"\n";
			showEnvVarsInLog = 0;
		};
/* End PBXShellScriptBuildPhase section */

/* Begin PBXSourcesBuildPhase section */
		58AF79C71C853B32001DF9B9 /* Sources */ = {
			isa = PBXSourcesBuildPhase;
			buildActionMask = 2147483647;
			files = (
				587806DC1CA12319006A2589 /* WBStatusToolbar.m in Sources */,
				58AF79E71C8540BA001DF9B9 /* MTRootViewController.m in Sources */,
				587806DD1CA12319006A2589 /* WBStatusView.m in Sources */,
				58AF79D31C853B32001DF9B9 /* AppDelegate.m in Sources */,
				58F5CE841C89D75900F96024 /* MTTableView.m in Sources */,
				580E91A81CC5FFDB00210097 /* WBStatusTool.m in Sources */,
				58AF79D01C853B32001DF9B9 /* main.m in Sources */,
				58CA56F71C8A88F000774157 /* WBStatusLayout.m in Sources */,
				5881BDD71C872E8200937DB1 /* MTFeedListExample.m in Sources */,
				587806E61CA124A5006A2589 /* WBStatusProfileView.m in Sources */,
				58CA56FE1C8A946B00774157 /* WBStatusCell.m in Sources */,
				58CA57011C8A948200774157 /* WBModel.m in Sources */,
				58F5CE811C89D6D800F96024 /* WBStatusTimelineVC.m in Sources */,
				587806E01CA1240A006A2589 /* WBStatusTagView.m in Sources */,
				5866A9C91C9AA02E0094C668 /* MTTableViewCell.m in Sources */,
				587806E91CA12509006A2589 /* WBStatusTitleView.m in Sources */,
				587806E31CA12460006A2589 /* WBStatusCardView.m in Sources */,
			);
			runOnlyForDeploymentPostprocessing = 0;
		};
/* End PBXSourcesBuildPhase section */

/* Begin PBXVariantGroup section */
		58AF79DC1C853B32001DF9B9 /* LaunchScreen.storyboard */ = {
			isa = PBXVariantGroup;
			children = (
				58AF79DD1C853B32001DF9B9 /* Base */,
			);
			name = LaunchScreen.storyboard;
			sourceTree = "<group>";
		};
/* End PBXVariantGroup section */

/* Begin XCBuildConfiguration section */
		58AF79E01C853B32001DF9B9 /* Debug */ = {
			isa = XCBuildConfiguration;
			buildSettings = {
				ALWAYS_SEARCH_USER_PATHS = NO;
				CLANG_CXX_LANGUAGE_STANDARD = "gnu++0x";
				CLANG_CXX_LIBRARY = "libc++";
				CLANG_ENABLE_MODULES = YES;
				CLANG_ENABLE_OBJC_ARC = YES;
				CLANG_WARN_BOOL_CONVERSION = YES;
				CLANG_WARN_CONSTANT_CONVERSION = YES;
				CLANG_WARN_DIRECT_OBJC_ISA_USAGE = YES_ERROR;
				CLANG_WARN_EMPTY_BODY = YES;
				CLANG_WARN_ENUM_CONVERSION = YES;
				CLANG_WARN_INT_CONVERSION = YES;
				CLANG_WARN_OBJC_ROOT_CLASS = YES_ERROR;
				CLANG_WARN_UNREACHABLE_CODE = YES;
				CLANG_WARN__DUPLICATE_METHOD_MATCH = YES;
				"CODE_SIGN_IDENTITY[sdk=iphoneos*]" = "iPhone Developer";
				COPY_PHASE_STRIP = NO;
				DEBUG_INFORMATION_FORMAT = dwarf;
				ENABLE_STRICT_OBJC_MSGSEND = YES;
				ENABLE_TESTABILITY = YES;
				GCC_C_LANGUAGE_STANDARD = gnu99;
				GCC_DYNAMIC_NO_PIC = NO;
				GCC_NO_COMMON_BLOCKS = YES;
				GCC_OPTIMIZATION_LEVEL = 0;
				GCC_PREPROCESSOR_DEFINITIONS = (
					"DEBUG=1",
					"$(inherited)",
				);
				GCC_WARN_64_TO_32_BIT_CONVERSION = YES;
				GCC_WARN_ABOUT_RETURN_TYPE = YES_ERROR;
				GCC_WARN_UNDECLARED_SELECTOR = YES;
				GCC_WARN_UNINITIALIZED_AUTOS = YES_AGGRESSIVE;
				GCC_WARN_UNUSED_FUNCTION = YES;
				GCC_WARN_UNUSED_VARIABLE = YES;
				IPHONEOS_DEPLOYMENT_TARGET = 9.2;
				MTL_ENABLE_DEBUG_INFO = YES;
				ONLY_ACTIVE_ARCH = YES;
				SDKROOT = iphoneos;
				TARGETED_DEVICE_FAMILY = "1,2";
			};
			name = Debug;
		};
		58AF79E11C853B32001DF9B9 /* Release */ = {
			isa = XCBuildConfiguration;
			buildSettings = {
				ALWAYS_SEARCH_USER_PATHS = NO;
				CLANG_CXX_LANGUAGE_STANDARD = "gnu++0x";
				CLANG_CXX_LIBRARY = "libc++";
				CLANG_ENABLE_MODULES = YES;
				CLANG_ENABLE_OBJC_ARC = YES;
				CLANG_WARN_BOOL_CONVERSION = YES;
				CLANG_WARN_CONSTANT_CONVERSION = YES;
				CLANG_WARN_DIRECT_OBJC_ISA_USAGE = YES_ERROR;
				CLANG_WARN_EMPTY_BODY = YES;
				CLANG_WARN_ENUM_CONVERSION = YES;
				CLANG_WARN_INT_CONVERSION = YES;
				CLANG_WARN_OBJC_ROOT_CLASS = YES_ERROR;
				CLANG_WARN_UNREACHABLE_CODE = YES;
				CLANG_WARN__DUPLICATE_METHOD_MATCH = YES;
				"CODE_SIGN_IDENTITY[sdk=iphoneos*]" = "iPhone Developer";
				COPY_PHASE_STRIP = NO;
				DEBUG_INFORMATION_FORMAT = "dwarf-with-dsym";
				ENABLE_NS_ASSERTIONS = NO;
				ENABLE_STRICT_OBJC_MSGSEND = YES;
				GCC_C_LANGUAGE_STANDARD = gnu99;
				GCC_NO_COMMON_BLOCKS = YES;
				GCC_WARN_64_TO_32_BIT_CONVERSION = YES;
				GCC_WARN_ABOUT_RETURN_TYPE = YES_ERROR;
				GCC_WARN_UNDECLARED_SELECTOR = YES;
				GCC_WARN_UNINITIALIZED_AUTOS = YES_AGGRESSIVE;
				GCC_WARN_UNUSED_FUNCTION = YES;
				GCC_WARN_UNUSED_VARIABLE = YES;
				IPHONEOS_DEPLOYMENT_TARGET = 9.2;
				MTL_ENABLE_DEBUG_INFO = NO;
				SDKROOT = iphoneos;
				TARGETED_DEVICE_FAMILY = "1,2";
				VALIDATE_PRODUCT = YES;
			};
			name = Release;
		};
		58AF79E31C853B32001DF9B9 /* Debug */ = {
			isa = XCBuildConfiguration;
			baseConfigurationReference = FC422EF0B681115E1EC82860 /* Pods.debug.xcconfig */;
			buildSettings = {
				ASSETCATALOG_COMPILER_APPICON_NAME = AppIcon;
				INFOPLIST_FILE = Demo_YYKitDemoCopy/Info.plist;
				IPHONEOS_DEPLOYMENT_TARGET = 6.0;
				LD_RUNPATH_SEARCH_PATHS = "$(inherited) @executable_path/Frameworks";
				PRODUCT_BUNDLE_IDENTIFIER = "com.meitun.Demo-YYKitDemoCopy";
				PRODUCT_NAME = "$(TARGET_NAME)";
			};
			name = Debug;
		};
		58AF79E41C853B32001DF9B9 /* Release */ = {
			isa = XCBuildConfiguration;
			baseConfigurationReference = 1D8D49900E52991C42AEB3B0 /* Pods.release.xcconfig */;
			buildSettings = {
				ASSETCATALOG_COMPILER_APPICON_NAME = AppIcon;
				INFOPLIST_FILE = Demo_YYKitDemoCopy/Info.plist;
				IPHONEOS_DEPLOYMENT_TARGET = 6.0;
				LD_RUNPATH_SEARCH_PATHS = "$(inherited) @executable_path/Frameworks";
				PRODUCT_BUNDLE_IDENTIFIER = "com.meitun.Demo-YYKitDemoCopy";
				PRODUCT_NAME = "$(TARGET_NAME)";
			};
			name = Release;
		};
/* End XCBuildConfiguration section */

/* Begin XCConfigurationList section */
		58AF79C61C853B32001DF9B9 /* Build configuration list for PBXProject "Demo_YYKitDemoCopy" */ = {
			isa = XCConfigurationList;
			buildConfigurations = (
				58AF79E01C853B32001DF9B9 /* Debug */,
				58AF79E11C853B32001DF9B9 /* Release */,
			);
			defaultConfigurationIsVisible = 0;
			defaultConfigurationName = Release;
		};
		58AF79E21C853B32001DF9B9 /* Build configuration list for PBXNativeTarget "Demo_YYKitDemoCopy" */ = {
			isa = XCConfigurationList;
			buildConfigurations = (
				58AF79E31C853B32001DF9B9 /* Debug */,
				58AF79E41C853B32001DF9B9 /* Release */,
			);
			defaultConfigurationIsVisible = 0;
			defaultConfigurationName = Release;
		};
/* End XCConfigurationList section */
	};
	rootObject = 58AF79C31C853B32001DF9B9 /* Project object */;
}
