PODS:
  - AFNetworking (3.1.0):
    - AFNetworking/NSURLSession (= 3.1.0)
    - AFNetworking/Reachability (= 3.1.0)
    - AFNetworking/Security (= 3.1.0)
    - AFNetworking/Serialization (= 3.1.0)
    - AFNetworking/UIKit (= 3.1.0)
  - AFNetworking/NSURLSession (3.1.0):
    - AFNetworking/Reachability
    - AFNetworking/Security
    - AFNetworking/Serialization
  - AFNetworking/Reachability (3.1.0)
  - AFNetworking/Security (3.1.0)
  - AFNetworking/Serialization (3.1.0)
  - AFNetworking/UIKit (3.1.0):
    - AFNetworking/NSURLSession
  - YHCommunity (2.0):
    - YHLibrary
  - YHLibrary (2.0)

DEPENDENCIES:
  - AFNetworking (= 3.1.0)
  - YHCommunity (from `./YHCommunity`)
  - YHLibrary (from `./YHLibrary`)

EXTERNAL SOURCES:
  YHCommunity:
    :path: ./YHCommunity
  YHLibrary:
    :path: ./YHLibrary

SPEC CHECKSUMS:
  AFNetworking: 5e0e199f73d8626b11e79750991f5d173d1f8b67
  YHCommunity: 032169f4eb771b003055e11eaec584e42d4a18ef
  YHLibrary: 25cc4ecb371a4bba65591d39c70b5b9a030d4217

PODFILE CHECKSUM: 53daff0d3626c2a86540e013947639df18e6a745

COCOAPODS: 1.1.1
