// !$*UTF8*$!
{
	archiveVersion = 1;
	classes = {
	};
	objectVersion = 46;
	objects = {

/* Begin PBXBuildFile section */
		58F333741DEA7AB7004E3EDB /* main.m in Sources */ = {isa = PBXBuildFile; fileRef = 58F333731DEA7AB7004E3EDB /* main.m */; };
		58F333771DEA7AB7004E3EDB /* AppDelegate.m in Sources */ = {isa = PBXBuildFile; fileRef = 58F333761DEA7AB7004E3EDB /* AppDelegate.m */; };
		58F3337A1DEA7AB7004E3EDB /* ViewController.m in Sources */ = {isa = PBXBuildFile; fileRef = 58F333791DEA7AB7004E3EDB /* ViewController.m */; };
		58F3337D1DEA7AB7004E3EDB /* Main.storyboard in Resources */ = {isa = PBXBuildFile; fileRef = 58F3337B1DEA7AB7004E3EDB /* Main.storyboard */; };
		58F3337F1DEA7AB7004E3EDB /* Assets.xcassets in Resources */ = {isa = PBXBuildFile; fileRef = 58F3337E1DEA7AB7004E3EDB /* Assets.xcassets */; };
		58F333821DEA7AB7004E3EDB /* LaunchScreen.storyboard in Resources */ = {isa = PBXBuildFile; fileRef = 58F333801DEA7AB7004E3EDB /* LaunchScreen.storyboard */; };
/* End PBXBuildFile section */

/* Begin PBXFileReference section */
		58F3336F1DEA7AB7004E3EDB /* 01_TheLayerBeneath.app */ = {isa = PBXFileReference; explicitFileType = wrapper.application; includeInIndex = 0; path = 01_TheLayerBeneath.app; sourceTree = BUILT_PRODUCTS_DIR; };
		58F333731DEA7AB7004E3EDB /* main.m */ = {isa = PBXFileReference; lastKnownFileType = sourcecode.c.objc; path = main.m; sourceTree = "<group>"; };
		58F333751DEA7AB7004E3EDB /* AppDelegate.h */ = {isa = PBXFileReference; lastKnownFileType = sourcecode.c.h; path = AppDelegate.h; sourceTree = "<group>"; };
		58F333761DEA7AB7004E3EDB /* AppDelegate.m */ = {isa = PBXFileReference; lastKnownFileType = sourcecode.c.objc; path = AppDelegate.m; sourceTree = "<group>"; };
		58F333781DEA7AB7004E3EDB /* ViewController.h */ = {isa = PBXFileReference; lastKnownFileType = sourcecode.c.h; path = ViewController.h; sourceTree = "<group>"; };
		58F333791DEA7AB7004E3EDB /* ViewController.m */ = {isa = PBXFileReference; lastKnownFileType = sourcecode.c.objc; path = ViewController.m; sourceTree = "<group>"; };
		58F3337C1DEA7AB7004E3EDB /* Base */ = {isa = PBXFileReference; lastKnownFileType = file.storyboard; name = Base; path = Base.lproj/Main.storyboard; sourceTree = "<group>"; };
		58F3337E1DEA7AB7004E3EDB /* Assets.xcassets */ = {isa = PBXFileReference; lastKnownFileType = folder.assetcatalog; path = Assets.xcassets; sourceTree = "<group>"; };
		58F333811DEA7AB7004E3EDB /* Base */ = {isa = PBXFileReference; lastKnownFileType = file.storyboard; name = Base; path = Base.lproj/LaunchScreen.storyboard; sourceTree = "<group>"; };
		58F333831DEA7AB7004E3EDB /* Info.plist */ = {isa = PBXFileReference; lastKnownFileType = text.plist.xml; path = Info.plist; sourceTree = "<group>"; };
/* End PBXFileReference section */

/* Begin PBXFrameworksBuildPhase section */
		58F3336C1DEA7AB7004E3EDB /* Frameworks */ = {
			isa = PBXFrameworksBuildPhase;
			buildActionMask = 2147483647;
			files = (
			);
			runOnlyForDeploymentPostprocessing = 0;
		};
/* End PBXFrameworksBuildPhase section */

/* Begin PBXGroup section */
		58F333661DEA7AB7004E3EDB = {
			isa = PBXGroup;
			children = (
				58F333711DEA7AB7004E3EDB /* 01_TheLayerBeneath */,
				58F333701DEA7AB7004E3EDB /* Products */,
			);
			sourceTree = "<group>";
		};
		58F333701DEA7AB7004E3EDB /* Products */ = {
			isa = PBXGroup;
			children = (
				58F3336F1DEA7AB7004E3EDB /* 01_TheLayerBeneath.app */,
			);
			name = Products;
			sourceTree = "<group>";
		};
		58F333711DEA7AB7004E3EDB /* 01_TheLayerBeneath */ = {
			isa = PBXGroup;
			children = (
				58F333751DEA7AB7004E3EDB /* AppDelegate.h */,
				58F333761DEA7AB7004E3EDB /* AppDelegate.m */,
				58F333781DEA7AB7004E3EDB /* ViewController.h */,
				58F333791DEA7AB7004E3EDB /* ViewController.m */,
				58F3337B1DEA7AB7004E3EDB /* Main.storyboard */,
				58F3337E1DEA7AB7004E3EDB /* Assets.xcassets */,
				58F333801DEA7AB7004E3EDB /* LaunchScreen.storyboard */,
				58F333831DEA7AB7004E3EDB /* Info.plist */,
				58F333721DEA7AB7004E3EDB /* Supporting Files */,
			);
			path = 01_TheLayerBeneath;
			sourceTree = "<group>";
		};
		58F333721DEA7AB7004E3EDB /* Supporting Files */ = {
			isa = PBXGroup;
			children = (
				58F333731DEA7AB7004E3EDB /* main.m */,
			);
			name = "Supporting Files";
			sourceTree = "<group>";
		};
/* End PBXGroup section */

/* Begin PBXNativeTarget section */
		58F3336E1DEA7AB7004E3EDB /* 01_TheLayerBeneath */ = {
			isa = PBXNativeTarget;
			buildConfigurationList = 58F333861DEA7AB7004E3EDB /* Build configuration list for PBXNativeTarget "01_TheLayerBeneath" */;
			buildPhases = (
				58F3336B1DEA7AB7004E3EDB /* Sources */,
				58F3336C1DEA7AB7004E3EDB /* Frameworks */,
				58F3336D1DEA7AB7004E3EDB /* Resources */,
			);
			buildRules = (
			);
			dependencies = (
			);
			name = 01_TheLayerBeneath;
			productName = 01_TheLayerBeneath;
			productReference = 58F3336F1DEA7AB7004E3EDB /* 01_TheLayerBeneath.app */;
			productType = "com.apple.product-type.application";
		};
/* End PBXNativeTarget section */

/* Begin PBXProject section */
		58F333671DEA7AB7004E3EDB /* Project object */ = {
			isa = PBXProject;
			attributes = {
				LastUpgradeCheck = 0800;
				ORGANIZATIONNAME = ShannonChen;
				TargetAttributes = {
					58F3336E1DEA7AB7004E3EDB = {
						CreatedOnToolsVersion = 8.0;
						DevelopmentTeam = L32PN8QKLZ;
						ProvisioningStyle = Automatic;
					};
				};
			};
			buildConfigurationList = 58F3336A1DEA7AB7004E3EDB /* Build configuration list for PBXProject "01_TheLayerBeneath" */;
			compatibilityVersion = "Xcode 3.2";
			developmentRegion = English;
			hasScannedForEncodings = 0;
			knownRegions = (
				en,
				Base,
			);
			mainGroup = 58F333661DEA7AB7004E3EDB;
			productRefGroup = 58F333701DEA7AB7004E3EDB /* Products */;
			projectDirPath = "";
			projectRoot = "";
			targets = (
				58F3336E1DEA7AB7004E3EDB /* 01_TheLayerBeneath */,
			);
		};
/* End PBXProject section */

/* Begin PBXResourcesBuildPhase section */
		58F3336D1DEA7AB7004E3EDB /* Resources */ = {
			isa = PBXResourcesBuildPhase;
			buildActionMask = 2147483647;
			files = (
				58F333821DEA7AB7004E3EDB /* LaunchScreen.storyboard in Resources */,
				58F3337F1DEA7AB7004E3EDB /* Assets.xcassets in Resources */,
				58F3337D1DEA7AB7004E3EDB /* Main.storyboard in Resources */,
			);
			runOnlyForDeploymentPostprocessing = 0;
		};
/* End PBXResourcesBuildPhase section */

/* Begin PBXSourcesBuildPhase section */
		58F3336B1DEA7AB7004E3EDB /* Sources */ = {
			isa = PBXSourcesBuildPhase;
			buildActionMask = 2147483647;
			files = (
				58F3337A1DEA7AB7004E3EDB /* ViewController.m in Sources */,
				58F333771DEA7AB7004E3EDB /* AppDelegate.m in Sources */,
				58F333741DEA7AB7004E3EDB /* main.m in Sources */,
			);
			runOnlyForDeploymentPostprocessing = 0;
		};
/* End PBXSourcesBuildPhase section */

/* Begin PBXVariantGroup section */
		58F3337B1DEA7AB7004E3EDB /* Main.storyboard */ = {
			isa = PBXVariantGroup;
			children = (
				58F3337C1DEA7AB7004E3EDB /* Base */,
			);
			name = Main.storyboard;
			sourceTree = "<group>";
		};
		58F333801DEA7AB7004E3EDB /* LaunchScreen.storyboard */ = {
			isa = PBXVariantGroup;
			children = (
				58F333811DEA7AB7004E3EDB /* Base */,
			);
			name = LaunchScreen.storyboard;
			sourceTree = "<group>";
		};
/* End PBXVariantGroup section */

/* Begin XCBuildConfiguration section */
		58F333841DEA7AB7004E3EDB /* Debug */ = {
			isa = XCBuildConfiguration;
			buildSettings = {
				ALWAYS_SEARCH_USER_PATHS = NO;
				CLANG_ANALYZER_NONNULL = YES;
				CLANG_CXX_LANGUAGE_STANDARD = "gnu++0x";
				CLANG_CXX_LIBRARY = "libc++";
				CLANG_ENABLE_MODULES = YES;
				CLANG_ENABLE_OBJC_ARC = YES;
				CLANG_WARN_BOOL_CONVERSION = YES;
				CLANG_WARN_CONSTANT_CONVERSION = YES;
				CLANG_WARN_DIRECT_OBJC_ISA_USAGE = YES_ERROR;
				CLANG_WARN_DOCUMENTATION_COMMENTS = YES;
				CLANG_WARN_EMPTY_BODY = YES;
				CLANG_WARN_ENUM_CONVERSION = YES;
				CLANG_WARN_INFINITE_RECURSION = YES;
				CLANG_WARN_INT_CONVERSION = YES;
				CLANG_WARN_OBJC_ROOT_CLASS = YES_ERROR;
				CLANG_WARN_SUSPICIOUS_MOVES = YES;
				CLANG_WARN_UNREACHABLE_CODE = YES;
				CLANG_WARN__DUPLICATE_METHOD_MATCH = YES;
				"CODE_SIGN_IDENTITY[sdk=iphoneos*]" = "iPhone Developer";
				COPY_PHASE_STRIP = NO;
				DEBUG_INFORMATION_FORMAT = dwarf;
				ENABLE_STRICT_OBJC_MSGSEND = YES;
				ENABLE_TESTABILITY = YES;
				GCC_C_LANGUAGE_STANDARD = gnu99;
				GCC_DYNAMIC_NO_PIC = NO;
				GCC_NO_COMMON_BLOCKS = YES;
				GCC_OPTIMIZATION_LEVEL = 0;
				GCC_PREPROCESSOR_DEFINITIONS = (
					"DEBUG=1",
					"$(inherited)",
				);
				GCC_WARN_64_TO_32_BIT_CONVERSION = YES;
				GCC_WARN_ABOUT_RETURN_TYPE = YES_ERROR;
				GCC_WARN_UNDECLARED_SELECTOR = YES;
				GCC_WARN_UNINITIALIZED_AUTOS = YES_AGGRESSIVE;
				GCC_WARN_UNUSED_FUNCTION = YES;
				GCC_WARN_UNUSED_VARIABLE = YES;
				IPHONEOS_DEPLOYMENT_TARGET = 10.0;
				MTL_ENABLE_DEBUG_INFO = YES;
				ONLY_ACTIVE_ARCH = YES;
				SDKROOT = iphoneos;
			};
			name = Debug;
		};
		58F333851DEA7AB7004E3EDB /* Release */ = {
			isa = XCBuildConfiguration;
			buildSettings = {
				ALWAYS_SEARCH_USER_PATHS = NO;
				CLANG_ANALYZER_NONNULL = YES;
				CLANG_CXX_LANGUAGE_STANDARD = "gnu++0x";
				CLANG_CXX_LIBRARY = "libc++";
				CLANG_ENABLE_MODULES = YES;
				CLANG_ENABLE_OBJC_ARC = YES;
				CLANG_WARN_BOOL_CONVERSION = YES;
				CLANG_WARN_CONSTANT_CONVERSION = YES;
				CLANG_WARN_DIRECT_OBJC_ISA_USAGE = YES_ERROR;
				CLANG_WARN_DOCUMENTATION_COMMENTS = YES;
				CLANG_WARN_EMPTY_BODY = YES;
				CLANG_WARN_ENUM_CONVERSION = YES;
				CLANG_WARN_INFINITE_RECURSION = YES;
				CLANG_WARN_INT_CONVERSION = YES;
				CLANG_WARN_OBJC_ROOT_CLASS = YES_ERROR;
				CLANG_WARN_SUSPICIOUS_MOVES = YES;
				CLANG_WARN_UNREACHABLE_CODE = YES;
				CLANG_WARN__DUPLICATE_METHOD_MATCH = YES;
				"CODE_SIGN_IDENTITY[sdk=iphoneos*]" = "iPhone Developer";
				COPY_PHASE_STRIP = NO;
				DEBUG_INFORMATION_FORMAT = "dwarf-with-dsym";
				ENABLE_NS_ASSERTIONS = NO;
				ENABLE_STRICT_OBJC_MSGSEND = YES;
				GCC_C_LANGUAGE_STANDARD = gnu99;
				GCC_NO_COMMON_BLOCKS = YES;
				GCC_WARN_64_TO_32_BIT_CONVERSION = YES;
				GCC_WARN_ABOUT_RETURN_TYPE = YES_ERROR;
				GCC_WARN_UNDECLARED_SELECTOR = YES;
				GCC_WARN_UNINITIALIZED_AUTOS = YES_AGGRESSIVE;
				GCC_WARN_UNUSED_FUNCTION = YES;
				GCC_WARN_UNUSED_VARIABLE = YES;
				IPHONEOS_DEPLOYMENT_TARGET = 10.0;
				MTL_ENABLE_DEBUG_INFO = NO;
				SDKROOT = iphoneos;
				VALIDATE_PRODUCT = YES;
			};
			name = Release;
		};
		58F333871DEA7AB7004E3EDB /* Debug */ = {
			isa = XCBuildConfiguration;
			buildSettings = {
				ASSETCATALOG_COMPILER_APPICON_NAME = AppIcon;
				DEVELOPMENT_TEAM = L32PN8QKLZ;
				INFOPLIST_FILE = 01_TheLayerBeneath/Info.plist;
				IPHONEOS_DEPLOYMENT_TARGET = 8.1;
				LD_RUNPATH_SEARCH_PATHS = "$(inherited) @executable_path/Frameworks";
				PRODUCT_BUNDLE_IDENTIFIER = "com.ShannonChen.-1-TheLayerBeneath";
				PRODUCT_NAME = "$(TARGET_NAME)";
			};
			name = Debug;
		};
		58F333881DEA7AB7004E3EDB /* Release */ = {
			isa = XCBuildConfiguration;
			buildSettings = {
				ASSETCATALOG_COMPILER_APPICON_NAME = AppIcon;
				DEVELOPMENT_TEAM = L32PN8QKLZ;
				INFOPLIST_FILE = 01_TheLayerBeneath/Info.plist;
				IPHONEOS_DEPLOYMENT_TARGET = 8.1;
				LD_RUNPATH_SEARCH_PATHS = "$(inherited) @executable_path/Frameworks";
				PRODUCT_BUNDLE_IDENTIFIER = "com.ShannonChen.-1-TheLayerBeneath";
				PRODUCT_NAME = "$(TARGET_NAME)";
			};
			name = Release;
		};
/* End XCBuildConfiguration section */

/* Begin XCConfigurationList section */
		58F3336A1DEA7AB7004E3EDB /* Build configuration list for PBXProject "01_TheLayerBeneath" */ = {
			isa = XCConfigurationList;
			buildConfigurations = (
				58F333841DEA7AB7004E3EDB /* Debug */,
				58F333851DEA7AB7004E3EDB /* Release */,
			);
			defaultConfigurationIsVisible = 0;
			defaultConfigurationName = Release;
		};
		58F333861DEA7AB7004E3EDB /* Build configuration list for PBXNativeTarget "01_TheLayerBeneath" */ = {
			isa = XCConfigurationList;
			buildConfigurations = (
				58F333871DEA7AB7004E3EDB /* Debug */,
				58F333881DEA7AB7004E3EDB /* Release */,
			);
			defaultConfigurationIsVisible = 0;
		};
/* End XCConfigurationList section */
	};
	rootObject = 58F333671DEA7AB7004E3EDB /* Project object */;
}
