// !$*UTF8*$!
{
	archiveVersion = 1;
	classes = {
	};
	objectVersion = 46;
	objects = {

/* Begin PBXBuildFile section */
		5825C2051E3F08E4005565EC /* AppDelegate.swift in Sources */ = {isa = PBXBuildFile; fileRef = 5825C2041E3F08E4005565EC /* AppDelegate.swift */; };
		5825C2071E3F08E4005565EC /* ViewController.swift in Sources */ = {isa = PBXBuildFile; fileRef = 5825C2061E3F08E4005565EC /* ViewController.swift */; };
		5825C20A1E3F08E4005565EC /* Main.storyboard in Resources */ = {isa = PBXBuildFile; fileRef = 5825C2081E3F08E4005565EC /* Main.storyboard */; };
		5825C20C1E3F08E4005565EC /* Assets.xcassets in Resources */ = {isa = PBXBuildFile; fileRef = 5825C20B1E3F08E4005565EC /* Assets.xcassets */; };
		5825C20F1E3F08E4005565EC /* LaunchScreen.storyboard in Resources */ = {isa = PBXBuildFile; fileRef = 5825C20D1E3F08E4005565EC /* LaunchScreen.storyboard */; };
/* End PBXBuildFile section */

/* Begin PBXFileReference section */
		5825C2011E3F08E4005565EC /* ManualAnimation.app */ = {isa = PBXFileReference; explicitFileType = wrapper.application; includeInIndex = 0; path = ManualAnimation.app; sourceTree = BUILT_PRODUCTS_DIR; };
		5825C2041E3F08E4005565EC /* AppDelegate.swift */ = {isa = PBXFileReference; lastKnownFileType = sourcecode.swift; path = AppDelegate.swift; sourceTree = "<group>"; };
		5825C2061E3F08E4005565EC /* ViewController.swift */ = {isa = PBXFileReference; lastKnownFileType = sourcecode.swift; path = ViewController.swift; sourceTree = "<group>"; };
		5825C2091E3F08E4005565EC /* Base */ = {isa = PBXFileReference; lastKnownFileType = file.storyboard; name = Base; path = Base.lproj/Main.storyboard; sourceTree = "<group>"; };
		5825C20B1E3F08E4005565EC /* Assets.xcassets */ = {isa = PBXFileReference; lastKnownFileType = folder.assetcatalog; path = Assets.xcassets; sourceTree = "<group>"; };
		5825C20E1E3F08E4005565EC /* Base */ = {isa = PBXFileReference; lastKnownFileType = file.storyboard; name = Base; path = Base.lproj/LaunchScreen.storyboard; sourceTree = "<group>"; };
		5825C2101E3F08E4005565EC /* Info.plist */ = {isa = PBXFileReference; lastKnownFileType = text.plist.xml; path = Info.plist; sourceTree = "<group>"; };
/* End PBXFileReference section */

/* Begin PBXFrameworksBuildPhase section */
		5825C1FE1E3F08E4005565EC /* Frameworks */ = {
			isa = PBXFrameworksBuildPhase;
			buildActionMask = 2147483647;
			files = (
			);
			runOnlyForDeploymentPostprocessing = 0;
		};
/* End PBXFrameworksBuildPhase section */

/* Begin PBXGroup section */
		5825C1F81E3F08E4005565EC = {
			isa = PBXGroup;
			children = (
				5825C2031E3F08E4005565EC /* ManualAnimation */,
				5825C2021E3F08E4005565EC /* Products */,
			);
			sourceTree = "<group>";
		};
		5825C2021E3F08E4005565EC /* Products */ = {
			isa = PBXGroup;
			children = (
				5825C2011E3F08E4005565EC /* ManualAnimation.app */,
			);
			name = Products;
			sourceTree = "<group>";
		};
		5825C2031E3F08E4005565EC /* ManualAnimation */ = {
			isa = PBXGroup;
			children = (
				5825C2041E3F08E4005565EC /* AppDelegate.swift */,
				5825C2061E3F08E4005565EC /* ViewController.swift */,
				5825C2081E3F08E4005565EC /* Main.storyboard */,
				5825C20B1E3F08E4005565EC /* Assets.xcassets */,
				5825C20D1E3F08E4005565EC /* LaunchScreen.storyboard */,
				5825C2101E3F08E4005565EC /* Info.plist */,
			);
			path = ManualAnimation;
			sourceTree = "<group>";
		};
/* End PBXGroup section */

/* Begin PBXNativeTarget section */
		5825C2001E3F08E4005565EC /* ManualAnimation */ = {
			isa = PBXNativeTarget;
			buildConfigurationList = 5825C2131E3F08E4005565EC /* Build configuration list for PBXNativeTarget "ManualAnimation" */;
			buildPhases = (
				5825C1FD1E3F08E4005565EC /* Sources */,
				5825C1FE1E3F08E4005565EC /* Frameworks */,
				5825C1FF1E3F08E4005565EC /* Resources */,
			);
			buildRules = (
			);
			dependencies = (
			);
			name = ManualAnimation;
			productName = ManualAnimation;
			productReference = 5825C2011E3F08E4005565EC /* ManualAnimation.app */;
			productType = "com.apple.product-type.application";
		};
/* End PBXNativeTarget section */

/* Begin PBXProject section */
		5825C1F91E3F08E4005565EC /* Project object */ = {
			isa = PBXProject;
			attributes = {
				LastSwiftUpdateCheck = 0800;
				LastUpgradeCheck = 0800;
				ORGANIZATIONNAME = ShannonChen;
				TargetAttributes = {
					5825C2001E3F08E4005565EC = {
						CreatedOnToolsVersion = 8.0;
						DevelopmentTeam = L32PN8QKLZ;
						ProvisioningStyle = Automatic;
					};
				};
			};
			buildConfigurationList = 5825C1FC1E3F08E4005565EC /* Build configuration list for PBXProject "ManualAnimation" */;
			compatibilityVersion = "Xcode 3.2";
			developmentRegion = English;
			hasScannedForEncodings = 0;
			knownRegions = (
				en,
				Base,
			);
			mainGroup = 5825C1F81E3F08E4005565EC;
			productRefGroup = 5825C2021E3F08E4005565EC /* Products */;
			projectDirPath = "";
			projectRoot = "";
			targets = (
				5825C2001E3F08E4005565EC /* ManualAnimation */,
			);
		};
/* End PBXProject section */

/* Begin PBXResourcesBuildPhase section */
		5825C1FF1E3F08E4005565EC /* Resources */ = {
			isa = PBXResourcesBuildPhase;
			buildActionMask = 2147483647;
			files = (
				5825C20F1E3F08E4005565EC /* LaunchScreen.storyboard in Resources */,
				5825C20C1E3F08E4005565EC /* Assets.xcassets in Resources */,
				5825C20A1E3F08E4005565EC /* Main.storyboard in Resources */,
			);
			runOnlyForDeploymentPostprocessing = 0;
		};
/* End PBXResourcesBuildPhase section */

/* Begin PBXSourcesBuildPhase section */
		5825C1FD1E3F08E4005565EC /* Sources */ = {
			isa = PBXSourcesBuildPhase;
			buildActionMask = 2147483647;
			files = (
				5825C2071E3F08E4005565EC /* ViewController.swift in Sources */,
				5825C2051E3F08E4005565EC /* AppDelegate.swift in Sources */,
			);
			runOnlyForDeploymentPostprocessing = 0;
		};
/* End PBXSourcesBuildPhase section */

/* Begin PBXVariantGroup section */
		5825C2081E3F08E4005565EC /* Main.storyboard */ = {
			isa = PBXVariantGroup;
			children = (
				5825C2091E3F08E4005565EC /* Base */,
			);
			name = Main.storyboard;
			sourceTree = "<group>";
		};
		5825C20D1E3F08E4005565EC /* LaunchScreen.storyboard */ = {
			isa = PBXVariantGroup;
			children = (
				5825C20E1E3F08E4005565EC /* Base */,
			);
			name = LaunchScreen.storyboard;
			sourceTree = "<group>";
		};
/* End PBXVariantGroup section */

/* Begin XCBuildConfiguration section */
		5825C2111E3F08E4005565EC /* Debug */ = {
			isa = XCBuildConfiguration;
			buildSettings = {
				ALWAYS_SEARCH_USER_PATHS = NO;
				CLANG_ANALYZER_NONNULL = YES;
				CLANG_CXX_LANGUAGE_STANDARD = "gnu++0x";
				CLANG_CXX_LIBRARY = "libc++";
				CLANG_ENABLE_MODULES = YES;
				CLANG_ENABLE_OBJC_ARC = YES;
				CLANG_WARN_BOOL_CONVERSION = YES;
				CLANG_WARN_CONSTANT_CONVERSION = YES;
				CLANG_WARN_DIRECT_OBJC_ISA_USAGE = YES_ERROR;
				CLANG_WARN_DOCUMENTATION_COMMENTS = YES;
				CLANG_WARN_EMPTY_BODY = YES;
				CLANG_WARN_ENUM_CONVERSION = YES;
				CLANG_WARN_INFINITE_RECURSION = YES;
				CLANG_WARN_INT_CONVERSION = YES;
				CLANG_WARN_OBJC_ROOT_CLASS = YES_ERROR;
				CLANG_WARN_SUSPICIOUS_MOVES = YES;
				CLANG_WARN_UNREACHABLE_CODE = YES;
				CLANG_WARN__DUPLICATE_METHOD_MATCH = YES;
				"CODE_SIGN_IDENTITY[sdk=iphoneos*]" = "iPhone Developer";
				COPY_PHASE_STRIP = NO;
				DEBUG_INFORMATION_FORMAT = dwarf;
				ENABLE_STRICT_OBJC_MSGSEND = YES;
				ENABLE_TESTABILITY = YES;
				GCC_C_LANGUAGE_STANDARD = gnu99;
				GCC_DYNAMIC_NO_PIC = NO;
				GCC_NO_COMMON_BLOCKS = YES;
				GCC_OPTIMIZATION_LEVEL = 0;
				GCC_PREPROCESSOR_DEFINITIONS = (
					"DEBUG=1",
					"$(inherited)",
				);
				GCC_WARN_64_TO_32_BIT_CONVERSION = YES;
				GCC_WARN_ABOUT_RETURN_TYPE = YES_ERROR;
				GCC_WARN_UNDECLARED_SELECTOR = YES;
				GCC_WARN_UNINITIALIZED_AUTOS = YES_AGGRESSIVE;
				GCC_WARN_UNUSED_FUNCTION = YES;
				GCC_WARN_UNUSED_VARIABLE = YES;
				IPHONEOS_DEPLOYMENT_TARGET = 10.0;
				MTL_ENABLE_DEBUG_INFO = YES;
				ONLY_ACTIVE_ARCH = YES;
				SDKROOT = iphoneos;
				SWIFT_ACTIVE_COMPILATION_CONDITIONS = DEBUG;
				SWIFT_OPTIMIZATION_LEVEL = "-Onone";
			};
			name = Debug;
		};
		5825C2121E3F08E4005565EC /* Release */ = {
			isa = XCBuildConfiguration;
			buildSettings = {
				ALWAYS_SEARCH_USER_PATHS = NO;
				CLANG_ANALYZER_NONNULL = YES;
				CLANG_CXX_LANGUAGE_STANDARD = "gnu++0x";
				CLANG_CXX_LIBRARY = "libc++";
				CLANG_ENABLE_MODULES = YES;
				CLANG_ENABLE_OBJC_ARC = YES;
				CLANG_WARN_BOOL_CONVERSION = YES;
				CLANG_WARN_CONSTANT_CONVERSION = YES;
				CLANG_WARN_DIRECT_OBJC_ISA_USAGE = YES_ERROR;
				CLANG_WARN_DOCUMENTATION_COMMENTS = YES;
				CLANG_WARN_EMPTY_BODY = YES;
				CLANG_WARN_ENUM_CONVERSION = YES;
				CLANG_WARN_INFINITE_RECURSION = YES;
				CLANG_WARN_INT_CONVERSION = YES;
				CLANG_WARN_OBJC_ROOT_CLASS = YES_ERROR;
				CLANG_WARN_SUSPICIOUS_MOVES = YES;
				CLANG_WARN_UNREACHABLE_CODE = YES;
				CLANG_WARN__DUPLICATE_METHOD_MATCH = YES;
				"CODE_SIGN_IDENTITY[sdk=iphoneos*]" = "iPhone Developer";
				COPY_PHASE_STRIP = NO;
				DEBUG_INFORMATION_FORMAT = "dwarf-with-dsym";
				ENABLE_NS_ASSERTIONS = NO;
				ENABLE_STRICT_OBJC_MSGSEND = YES;
				GCC_C_LANGUAGE_STANDARD = gnu99;
				GCC_NO_COMMON_BLOCKS = YES;
				GCC_WARN_64_TO_32_BIT_CONVERSION = YES;
				GCC_WARN_ABOUT_RETURN_TYPE = YES_ERROR;
				GCC_WARN_UNDECLARED_SELECTOR = YES;
				GCC_WARN_UNINITIALIZED_AUTOS = YES_AGGRESSIVE;
				GCC_WARN_UNUSED_FUNCTION = YES;
				GCC_WARN_UNUSED_VARIABLE = YES;
				IPHONEOS_DEPLOYMENT_TARGET = 10.0;
				MTL_ENABLE_DEBUG_INFO = NO;
				SDKROOT = iphoneos;
				SWIFT_OPTIMIZATION_LEVEL = "-Owholemodule";
				VALIDATE_PRODUCT = YES;
			};
			name = Release;
		};
		5825C2141E3F08E4005565EC /* Debug */ = {
			isa = XCBuildConfiguration;
			buildSettings = {
				ASSETCATALOG_COMPILER_APPICON_NAME = AppIcon;
				DEVELOPMENT_TEAM = L32PN8QKLZ;
				INFOPLIST_FILE = ManualAnimation/Info.plist;
				LD_RUNPATH_SEARCH_PATHS = "$(inherited) @executable_path/Frameworks";
				PRODUCT_BUNDLE_IDENTIFIER = com.ShannonChen.ManualAnimation;
				PRODUCT_NAME = "$(TARGET_NAME)";
				SWIFT_VERSION = 3.0;
			};
			name = Debug;
		};
		5825C2151E3F08E4005565EC /* Release */ = {
			isa = XCBuildConfiguration;
			buildSettings = {
				ASSETCATALOG_COMPILER_APPICON_NAME = AppIcon;
				DEVELOPMENT_TEAM = L32PN8QKLZ;
				INFOPLIST_FILE = ManualAnimation/Info.plist;
				LD_RUNPATH_SEARCH_PATHS = "$(inherited) @executable_path/Frameworks";
				PRODUCT_BUNDLE_IDENTIFIER = com.ShannonChen.ManualAnimation;
				PRODUCT_NAME = "$(TARGET_NAME)";
				SWIFT_VERSION = 3.0;
			};
			name = Release;
		};
/* End XCBuildConfiguration section */

/* Begin XCConfigurationList section */
		5825C1FC1E3F08E4005565EC /* Build configuration list for PBXProject "ManualAnimation" */ = {
			isa = XCConfigurationList;
			buildConfigurations = (
				5825C2111E3F08E4005565EC /* Debug */,
				5825C2121E3F08E4005565EC /* Release */,
			);
			defaultConfigurationIsVisible = 0;
			defaultConfigurationName = Release;
		};
		5825C2131E3F08E4005565EC /* Build configuration list for PBXNativeTarget "ManualAnimation" */ = {
			isa = XCConfigurationList;
			buildConfigurations = (
				5825C2141E3F08E4005565EC /* Debug */,
				5825C2151E3F08E4005565EC /* Release */,
			);
			defaultConfigurationIsVisible = 0;
		};
/* End XCConfigurationList section */
	};
	rootObject = 5825C1F91E3F08E4005565EC /* Project object */;
}
